// !$*UTF8*$!
{
	archiveVersion = 1;
	classes = {
	};
	objectVersion = 50;
	objects = {

/* Begin PBXBuildFile section */
		AA99F2108FA14CA94DBCF487 /* Pods_v2ex.framework in Frameworks */ = {isa = PBXBuildFile; fileRef = 580F192EAD72628BA9D5CE29 /* Pods_v2ex.framework */; };
		B8A25CB5238F7088000E9E63 /* AppDelegate.swift in Sources */ = {isa = PBXBuildFile; fileRef = B8A25CB4238F7088000E9E63 /* AppDelegate.swift */; };
		B8A25CB7238F7088000E9E63 /* SceneDelegate.swift in Sources */ = {isa = PBXBuildFile; fileRef = B8A25CB6238F7088000E9E63 /* SceneDelegate.swift */; };
		B8A25CBA238F7088000E9E63 /* v2ex.xcdatamodeld in Sources */ = {isa = PBXBuildFile; fileRef = B8A25CB8238F7088000E9E63 /* v2ex.xcdatamodeld */; };
		B8A25CBC238F7088000E9E63 /* ContentView.swift in Sources */ = {isa = PBXBuildFile; fileRef = B8A25CBB238F7088000E9E63 /* ContentView.swift */; };
		B8A25CBE238F708B000E9E63 /* Assets.xcassets in Resources */ = {isa = PBXBuildFile; fileRef = B8A25CBD238F708B000E9E63 /* Assets.xcassets */; };
		B8A25CC1238F708B000E9E63 /* Preview Assets.xcassets in Resources */ = {isa = PBXBuildFile; fileRef = B8A25CC0238F708B000E9E63 /* Preview Assets.xcassets */; };
		B8A25CC4238F708B000E9E63 /* LaunchScreen.storyboard in Resources */ = {isa = PBXBuildFile; fileRef = B8A25CC2238F708B000E9E63 /* LaunchScreen.storyboard */; };
		B8A25CCF238F708C000E9E63 /* v2exTests.swift in Sources */ = {isa = PBXBuildFile; fileRef = B8A25CCE238F708C000E9E63 /* v2exTests.swift */; };
		B8A25CDA238F708C000E9E63 /* v2exUITests.swift in Sources */ = {isa = PBXBuildFile; fileRef = B8A25CD9238F708C000E9E63 /* v2exUITests.swift */; };
/* End PBXBuildFile section */

/* Begin PBXContainerItemProxy section */
		B8A25CCB238F708C000E9E63 /* PBXContainerItemProxy */ = {
			isa = PBXContainerItemProxy;
			containerPortal = B8A25CA9238F7088000E9E63 /* Project object */;
			proxyType = 1;
			remoteGlobalIDString = B8A25CB0238F7088000E9E63;
			remoteInfo = v2ex;
		};
		B8A25CD6238F708C000E9E63 /* PBXContainerItemProxy */ = {
			isa = PBXContainerItemProxy;
			containerPortal = B8A25CA9238F7088000E9E63 /* Project object */;
			proxyType = 1;
			remoteGlobalIDString = B8A25CB0238F7088000E9E63;
			remoteInfo = v2ex;
		};
/* End PBXContainerItemProxy section */

/* Begin PBXFileReference section */
		4C0B3DC112FF7D6EF079F843 /* Pods-v2ex.release.xcconfig */ = {isa = PBXFileReference; includeInIndex = 1; lastKnownFileType = text.xcconfig; name = "Pods-v2ex.release.xcconfig"; path = "Target Support Files/Pods-v2ex/Pods-v2ex.release.xcconfig"; sourceTree = "<group>"; };
		580F192EAD72628BA9D5CE29 /* Pods_v2ex.framework */ = {isa = PBXFileReference; explicitFileType = wrapper.framework; includeInIndex = 0; path = Pods_v2ex.framework; sourceTree = BUILT_PRODUCTS_DIR; };
		7C08E98E6EDE958D505C70F2 /* Pods-v2ex.debug.xcconfig */ = {isa = PBXFileReference; includeInIndex = 1; lastKnownFileType = text.xcconfig; name = "Pods-v2ex.debug.xcconfig"; path = "Target Support Files/Pods-v2ex/Pods-v2ex.debug.xcconfig"; sourceTree = "<group>"; };
		B8A25CB1238F7088000E9E63 /* v2ex.app */ = {isa = PBXFileReference; explicitFileType = wrapper.application; includeInIndex = 0; path = v2ex.app; sourceTree = BUILT_PRODUCTS_DIR; };
		B8A25CB4238F7088000E9E63 /* AppDelegate.swift */ = {isa = PBXFileReference; lastKnownFileType = sourcecode.swift; path = AppDelegate.swift; sourceTree = "<group>"; };
		B8A25CB6238F7088000E9E63 /* SceneDelegate.swift */ = {isa = PBXFileReference; lastKnownFileType = sourcecode.swift; path = SceneDelegate.swift; sourceTree = "<group>"; };
		B8A25CB9238F7088000E9E63 /* v2ex.xcdatamodel */ = {isa = PBXFileReference; lastKnownFileType = wrapper.xcdatamodel; path = v2ex.xcdatamodel; sourceTree = "<group>"; };
		B8A25CBB238F7088000E9E63 /* ContentView.swift */ = {isa = PBXFileReference; lastKnownFileType = sourcecode.swift; path = ContentView.swift; sourceTree = "<group>"; };
		B8A25CBD238F708B000E9E63 /* Assets.xcassets */ = {isa = PBXFileReference; lastKnownFileType = folder.assetcatalog; path = Assets.xcassets; sourceTree = "<group>"; };
		B8A25CC0238F708B000E9E63 /* Preview Assets.xcassets */ = {isa = PBXFileReference; lastKnownFileType = folder.assetcatalog; path = "Preview Assets.xcassets"; sourceTree = "<group>"; };
		B8A25CC3238F708B000E9E63 /* Base */ = {isa = PBXFileReference; lastKnownFileType = file.storyboard; name = Base; path = Base.lproj/LaunchScreen.storyboard; sourceTree = "<group>"; };
		B8A25CC5238F708B000E9E63 /* Info.plist */ = {isa = PBXFileReference; lastKnownFileType = text.plist.xml; path = Info.plist; sourceTree = "<group>"; };
		B8A25CCA238F708C000E9E63 /* v2exTests.xctest */ = {isa = PBXFileReference; explicitFileType = wrapper.cfbundle; includeInIndex = 0; path = v2exTests.xctest; sourceTree = BUILT_PRODUCTS_DIR; };
		B8A25CCE238F708C000E9E63 /* v2exTests.swift */ = {isa = PBXFileReference; lastKnownFileType = sourcecode.swift; path = v2exTests.swift; sourceTree = "<group>"; };
		B8A25CD0238F708C000E9E63 /* Info.plist */ = {isa = PBXFileReference; lastKnownFileType = text.plist.xml; path = Info.plist; sourceTree = "<group>"; };
		B8A25CD5238F708C000E9E63 /* v2exUITests.xctest */ = {isa = PBXFileReference; explicitFileType = wrapper.cfbundle; includeInIndex = 0; path = v2exUITests.xctest; sourceTree = BUILT_PRODUCTS_DIR; };
		B8A25CD9238F708C000E9E63 /* v2exUITests.swift */ = {isa = PBXFileReference; lastKnownFileType = sourcecode.swift; path = v2exUITests.swift; sourceTree = "<group>"; };
		B8A25CDB238F708C000E9E63 /* Info.plist */ = {isa = PBXFileReference; lastKnownFileType = text.plist.xml; path = Info.plist; sourceTree = "<group>"; };
/* End PBXFileReference section */

/* Begin PBXFrameworksBuildPhase section */
		B8A25CAE238F7088000E9E63 /* Frameworks */ = {
			isa = PBXFrameworksBuildPhase;
			buildActionMask = 2147483647;
			files = (
				AA99F2108FA14CA94DBCF487 /* Pods_v2ex.framework in Frameworks */,
			);
			runOnlyForDeploymentPostprocessing = 0;
		};
		B8A25CC7238F708C000E9E63 /* Frameworks */ = {
			isa = PBXFrameworksBuildPhase;
			buildActionMask = 2147483647;
			files = (
			);
			runOnlyForDeploymentPostprocessing = 0;
		};
		B8A25CD2238F708C000E9E63 /* Frameworks */ = {
			isa = PBXFrameworksBuildPhase;
			buildActionMask = 2147483647;
			files = (
			);
			runOnlyForDeploymentPostprocessing = 0;
		};
/* End PBXFrameworksBuildPhase section */

/* Begin PBXGroup section */
		584C12AEDBEEF59FA36C46E9 /* Frameworks */ = {
			isa = PBXGroup;
			children = (
				580F192EAD72628BA9D5CE29 /* Pods_v2ex.framework */,
			);
			name = Frameworks;
			sourceTree = "<group>";
		};
		B8A25CA8238F7088000E9E63 = {
			isa = PBXGroup;
			children = (
				B8A25CB3238F7088000E9E63 /* v2ex */,
				B8A25CCD238F708C000E9E63 /* v2exTests */,
				B8A25CD8238F708C000E9E63 /* v2exUITests */,
				B8A25CB2238F7088000E9E63 /* Products */,
				C1F6B2F2F2ADF8C165F0E266 /* Pods */,
				584C12AEDBEEF59FA36C46E9 /* Frameworks */,
			);
			sourceTree = "<group>";
		};
		B8A25CB2238F7088000E9E63 /* Products */ = {
			isa = PBXGroup;
			children = (
				B8A25CB1238F7088000E9E63 /* v2ex.app */,
				B8A25CCA238F708C000E9E63 /* v2exTests.xctest */,
				B8A25CD5238F708C000E9E63 /* v2exUITests.xctest */,
			);
			name = Products;
			sourceTree = "<group>";
		};
		B8A25CB3238F7088000E9E63 /* v2ex */ = {
			isa = PBXGroup;
			children = (
				B8A25CB4238F7088000E9E63 /* AppDelegate.swift */,
				B8A25CB6238F7088000E9E63 /* SceneDelegate.swift */,
				B8A25CBB238F7088000E9E63 /* ContentView.swift */,
				B8A25CBD238F708B000E9E63 /* Assets.xcassets */,
				B8A25CC2238F708B000E9E63 /* LaunchScreen.storyboard */,
				B8A25CC5238F708B000E9E63 /* Info.plist */,
				B8A25CB8238F7088000E9E63 /* v2ex.xcdatamodeld */,
				B8A25CBF238F708B000E9E63 /* Preview Content */,
			);
			path = v2ex;
			sourceTree = "<group>";
		};
		B8A25CBF238F708B000E9E63 /* Preview Content */ = {
			isa = PBXGroup;
			children = (
				B8A25CC0238F708B000E9E63 /* Preview Assets.xcassets */,
			);
			path = "Preview Content";
			sourceTree = "<group>";
		};
		B8A25CCD238F708C000E9E63 /* v2exTests */ = {
			isa = PBXGroup;
			children = (
				B8A25CCE238F708C000E9E63 /* v2exTests.swift */,
				B8A25CD0238F708C000E9E63 /* Info.plist */,
			);
			path = v2exTests;
			sourceTree = "<group>";
		};
		B8A25CD8238F708C000E9E63 /* v2exUITests */ = {
			isa = PBXGroup;
			children = (
				B8A25CD9238F708C000E9E63 /* v2exUITests.swift */,
				B8A25CDB238F708C000E9E63 /* Info.plist */,
			);
			path = v2exUITests;
			sourceTree = "<group>";
		};
		C1F6B2F2F2ADF8C165F0E266 /* Pods */ = {
			isa = PBXGroup;
			children = (
				7C08E98E6EDE958D505C70F2 /* Pods-v2ex.debug.xcconfig */,
				4C0B3DC112FF7D6EF079F843 /* Pods-v2ex.release.xcconfig */,
			);
			name = Pods;
			path = Pods;
			sourceTree = "<group>";
		};
/* End PBXGroup section */

/* Begin PBXNativeTarget section */
		B8A25CB0238F7088000E9E63 /* v2ex */ = {
			isa = PBXNativeTarget;
			buildConfigurationList = B8A25CDE238F708C000E9E63 /* Build configuration list for PBXNativeTarget "v2ex" */;
			buildPhases = (
				5F3F04189D0DBC2484C1C475 /* [CP] Check Pods Manifest.lock */,
				B8A25CAD238F7088000E9E63 /* Sources */,
				B8A25CAE238F7088000E9E63 /* Frameworks */,
				B8A25CAF238F7088000E9E63 /* Resources */,
				B62586EE52836EB6D5D5B7CB /* [CP] Embed Pods Frameworks */,
			);
			buildRules = (
			);
			dependencies = (
			);
			name = v2ex;
			productName = v2ex;
			productReference = B8A25CB1238F7088000E9E63 /* v2ex.app */;
			productType = "com.apple.product-type.application";
		};
		B8A25CC9238F708C000E9E63 /* v2exTests */ = {
			isa = PBXNativeTarget;
			buildConfigurationList = B8A25CE1238F708C000E9E63 /* Build configuration list for PBXNativeTarget "v2exTests" */;
			buildPhases = (
				B8A25CC6238F708C000E9E63 /* Sources */,
				B8A25CC7238F708C000E9E63 /* Frameworks */,
				B8A25CC8238F708C000E9E63 /* Resources */,
			);
			buildRules = (
			);
			dependencies = (
				B8A25CCC238F708C000E9E63 /* PBXTargetDependency */,
			);
			name = v2exTests;
			productName = v2exTests;
			productReference = B8A25CCA238F708C000E9E63 /* v2exTests.xctest */;
			productType = "com.apple.product-type.bundle.unit-test";
		};
		B8A25CD4238F708C000E9E63 /* v2exUITests */ = {
			isa = PBXNativeTarget;
			buildConfigurationList = B8A25CE4238F708C000E9E63 /* Build configuration list for PBXNativeTarget "v2exUITests" */;
			buildPhases = (
				B8A25CD1238F708C000E9E63 /* Sources */,
				B8A25CD2238F708C000E9E63 /* Frameworks */,
				B8A25CD3238F708C000E9E63 /* Resources */,
			);
			buildRules = (
			);
			dependencies = (
				B8A25CD7238F708C000E9E63 /* PBXTargetDependency */,
			);
			name = v2exUITests;
			productName = v2exUITests;
			productReference = B8A25CD5238F708C000E9E63 /* v2exUITests.xctest */;
			productType = "com.apple.product-type.bundle.ui-testing";
		};
/* End PBXNativeTarget section */

/* Begin PBXProject section */
		B8A25CA9238F7088000E9E63 /* Project object */ = {
			isa = PBXProject;
			attributes = {
				LastSwiftUpdateCheck = 1120;
				LastUpgradeCheck = 1120;
				ORGANIZATIONNAME = wiley;
				TargetAttributes = {
					B8A25CB0238F7088000E9E63 = {
						CreatedOnToolsVersion = 11.2.1;
					};
					B8A25CC9238F708C000E9E63 = {
						CreatedOnToolsVersion = 11.2.1;
						TestTargetID = B8A25CB0238F7088000E9E63;
					};
					B8A25CD4238F708C000E9E63 = {
						CreatedOnToolsVersion = 11.2.1;
						TestTargetID = B8A25CB0238F7088000E9E63;
					};
				};
			};
			buildConfigurationList = B8A25CAC238F7088000E9E63 /* Build configuration list for PBXProject "v2ex" */;
			compatibilityVersion = "Xcode 9.3";
			developmentRegion = en;
			hasScannedForEncodings = 0;
			knownRegions = (
				en,
				Base,
			);
			mainGroup = B8A25CA8238F7088000E9E63;
			productRefGroup = B8A25CB2238F7088000E9E63 /* Products */;
			projectDirPath = "";
			projectRoot = "";
			targets = (
				B8A25CB0238F7088000E9E63 /* v2ex */,
				B8A25CC9238F708C000E9E63 /* v2exTests */,
				B8A25CD4238F708C000E9E63 /* v2exUITests */,
			);
		};
/* End PBXProject section */

/* Begin PBXResourcesBuildPhase section */
		B8A25CAF238F7088000E9E63 /* Resources */ = {
			isa = PBXResourcesBuildPhase;
			buildActionMask = 2147483647;
			files = (
				B8A25CC4238F708B000E9E63 /* LaunchScreen.storyboard in Resources */,
				B8A25CC1238F708B000E9E63 /* Preview Assets.xcassets in Resources */,
				B8A25CBE238F708B000E9E63 /* Assets.xcassets in Resources */,
			);
			runOnlyForDeploymentPostprocessing = 0;
		};
		B8A25CC8238F708C000E9E63 /* Resources */ = {
			isa = PBXResourcesBuildPhase;
			buildActionMask = 2147483647;
			files = (
			);
			runOnlyForDeploymentPostprocessing = 0;
		};
		B8A25CD3238F708C000E9E63 /* Resources */ = {
			isa = PBXResourcesBuildPhase;
			buildActionMask = 2147483647;
			files = (
			);
			runOnlyForDeploymentPostprocessing = 0;
		};
/* End PBXResourcesBuildPhase section */

/* Begin PBXShellScriptBuildPhase section */
		5F3F04189D0DBC2484C1C475 /* [CP] Check Pods Manifest.lock */ = {
			isa = PBXShellScriptBuildPhase;
			buildActionMask = 2147483647;
			files = (
			);
			inputFileListPaths = (
			);
			inputPaths = (
				"${PODS_PODFILE_DIR_PATH}/Podfile.lock",
				"${PODS_ROOT}/Manifest.lock",
			);
			name = "[CP] Check Pods Manifest.lock";
			outputFileListPaths = (
			);
			outputPaths = (
				"$(DERIVED_FILE_DIR)/Pods-v2ex-checkManifestLockResult.txt",
			);
			runOnlyForDeploymentPostprocessing = 0;
			shellPath = /bin/sh;
			shellScript = "diff \"${PODS_PODFILE_DIR_PATH}/Podfile.lock\" \"${PODS_ROOT}/Manifest.lock\" > /dev/null\nif [ $? != 0 ] ; then\n    # print error to STDERR\n    echo \"error: The sandbox is not in sync with the Podfile.lock. Run 'pod install' or update your CocoaPods installation.\" >&2\n    exit 1\nfi\n# This output is used by Xcode 'outputs' to avoid re-running this script phase.\necho \"SUCCESS\" > \"${SCRIPT_OUTPUT_FILE_0}\"\n";
			showEnvVarsInLog = 0;
		};
		B62586EE52836EB6D5D5B7CB /* [CP] Embed Pods Frameworks */ = {
			isa = PBXShellScriptBuildPhase;
			buildActionMask = 2147483647;
			files = (
			);
			inputFileListPaths = (
				"${PODS_ROOT}/Target Support Files/Pods-v2ex/Pods-v2ex-frameworks-${CONFIGURATION}-input-files.xcfilelist",
			);
			name = "[CP] Embed Pods Frameworks";
			outputFileListPaths = (
				"${PODS_ROOT}/Target Support Files/Pods-v2ex/Pods-v2ex-frameworks-${CONFIGURATION}-output-files.xcfilelist",
			);
			runOnlyForDeploymentPostprocessing = 0;
			shellPath = /bin/sh;
			shellScript = "\"${PODS_ROOT}/Target Support Files/Pods-v2ex/Pods-v2ex-frameworks.sh\"\n";
			showEnvVarsInLog = 0;
		};
/* End PBXShellScriptBuildPhase section */

/* Begin PBXSourcesBuildPhase section */
		B8A25CAD238F7088000E9E63 /* Sources */ = {
			isa = PBXSourcesBuildPhase;
			buildActionMask = 2147483647;
			files = (
				B8A25CB5238F7088000E9E63 /* AppDelegate.swift in Sources */,
				B8A25CB7238F7088000E9E63 /* SceneDelegate.swift in Sources */,
				B8A25CBC238F7088000E9E63 /* ContentView.swift in Sources */,
				B8A25CBA238F7088000E9E63 /* v2ex.xcdatamodeld in Sources */,
			);
			runOnlyForDeploymentPostprocessing = 0;
		};
		B8A25CC6238F708C000E9E63 /* Sources */ = {
			isa = PBXSourcesBuildPhase;
			buildActionMask = 2147483647;
			files = (
				B8A25CCF238F708C000E9E63 /* v2exTests.swift in Sources */,
			);
			runOnlyForDeploymentPostprocessing = 0;
		};
		B8A25CD1238F708C000E9E63 /* Sources */ = {
			isa = PBXSourcesBuildPhase;
			buildActionMask = 2147483647;
			files = (
				B8A25CDA238F708C000E9E63 /* v2exUITests.swift in Sources */,
			);
			runOnlyForDeploymentPostprocessing = 0;
		};
/* End PBXSourcesBuildPhase section */

/* Begin PBXTargetDependency section */
		B8A25CCC238F708C000E9E63 /* PBXTargetDependency */ = {
			isa = PBXTargetDependency;
			target = B8A25CB0238F7088000E9E63 /* v2ex */;
			targetProxy = B8A25CCB238F708C000E9E63 /* PBXContainerItemProxy */;
		};
		B8A25CD7238F708C000E9E63 /* PBXTargetDependency */ = {
			isa = PBXTargetDependency;
			target = B8A25CB0238F7088000E9E63 /* v2ex */;
			targetProxy = B8A25CD6238F708C000E9E63 /* PBXContainerItemProxy */;
		};
/* End PBXTargetDependency section */

/* Begin PBXVariantGroup section */
		B8A25CC2238F708B000E9E63 /* LaunchScreen.storyboard */ = {
			isa = PBXVariantGroup;
			children = (
				B8A25CC3238F708B000E9E63 /* Base */,
			);
			name = LaunchScreen.storyboard;
			sourceTree = "<group>";
		};
/* End PBXVariantGroup section */

/* Begin XCBuildConfiguration section */
		B8A25CDC238F708C000E9E63 /* Debug */ = {
			isa = XCBuildConfiguration;
			buildSettings = {
				ALWAYS_SEARCH_USER_PATHS = NO;
				CLANG_ANALYZER_NONNULL = YES;
				CLANG_ANALYZER_NUMBER_OBJECT_CONVERSION = YES_AGGRESSIVE;
				CLANG_CXX_LANGUAGE_STANDARD = "gnu++14";
				CLANG_CXX_LIBRARY = "libc++";
				CLANG_ENABLE_MODULES = YES;
				CLANG_ENABLE_OBJC_ARC = YES;
				CLANG_ENABLE_OBJC_WEAK = YES;
				CLANG_WARN_BLOCK_CAPTURE_AUTORELEASING = YES;
				CLANG_WARN_BOOL_CONVERSION = YES;
				CLANG_WARN_COMMA = YES;
				CLANG_WARN_CONSTANT_CONVERSION = YES;
				CLANG_WARN_DEPRECATED_OBJC_IMPLEMENTATIONS = YES;
				CLANG_WARN_DIRECT_OBJC_ISA_USAGE = YES_ERROR;
				CLANG_WARN_DOCUMENTATION_COMMENTS = YES;
				CLANG_WARN_EMPTY_BODY = YES;
				CLANG_WARN_ENUM_CONVERSION = YES;
				CLANG_WARN_INFINITE_RECURSION = YES;
				CLANG_WARN_INT_CONVERSION = YES;
				CLANG_WARN_NON_LITERAL_NULL_CONVERSION = YES;
				CLANG_WARN_OBJC_IMPLICIT_RETAIN_SELF = YES;
				CLANG_WARN_OBJC_LITERAL_CONVERSION = YES;
				CLANG_WARN_OBJC_ROOT_CLASS = YES_ERROR;
				CLANG_WARN_RANGE_LOOP_ANALYSIS = YES;
				CLANG_WARN_STRICT_PROTOTYPES = YES;
				CLANG_WARN_SUSPICIOUS_MOVE = YES;
				CLANG_WARN_UNGUARDED_AVAILABILITY = YES_AGGRESSIVE;
				CLANG_WARN_UNREACHABLE_CODE = YES;
				CLANG_WARN__DUPLICATE_METHOD_MATCH = YES;
				COPY_PHASE_STRIP = NO;
				DEBUG_INFORMATION_FORMAT = dwarf;
				ENABLE_STRICT_OBJC_MSGSEND = YES;
				ENABLE_TESTABILITY = YES;
				GCC_C_LANGUAGE_STANDARD = gnu11;
				GCC_DYNAMIC_NO_PIC = NO;
				GCC_NO_COMMON_BLOCKS = YES;
				GCC_OPTIMIZATION_LEVEL = 0;
				GCC_PREPROCESSOR_DEFINITIONS = (
					"DEBUG=1",
					"$(inherited)",
				);
				GCC_WARN_64_TO_32_BIT_CONVERSION = YES;
				GCC_WARN_ABOUT_RETURN_TYPE = YES_ERROR;
				GCC_WARN_UNDECLARED_SELECTOR = YES;
				GCC_WARN_UNINITIALIZED_AUTOS = YES_AGGRESSIVE;
				GCC_WARN_UNUSED_FUNCTION = YES;
				GCC_WARN_UNUSED_VARIABLE = YES;
				IPHONEOS_DEPLOYMENT_TARGET = 13.2;
				MTL_ENABLE_DEBUG_INFO = INCLUDE_SOURCE;
				MTL_FAST_MATH = YES;
				ONLY_ACTIVE_ARCH = YES;
				SDKROOT = iphoneos;
				SWIFT_ACTIVE_COMPILATION_CONDITIONS = DEBUG;
				SWIFT_OPTIMIZATION_LEVEL = "-Onone";
			};
			name = Debug;
		};
		B8A25CDD238F708C000E9E63 /* Release */ = {
			isa = XCBuildConfiguration;
			buildSettings = {
				ALWAYS_SEARCH_USER_PATHS = NO;
				CLANG_ANALYZER_NONNULL = YES;
				CLANG_ANALYZER_NUMBER_OBJECT_CONVERSION = YES_AGGRESSIVE;
				CLANG_CXX_LANGUAGE_STANDARD = "gnu++14";
				CLANG_CXX_LIBRARY = "libc++";
				CLANG_ENABLE_MODULES = YES;
				CLANG_ENABLE_OBJC_ARC = YES;
				CLANG_ENABLE_OBJC_WEAK = YES;
				CLANG_WARN_BLOCK_CAPTURE_AUTORELEASING = YES;
				CLANG_WARN_BOOL_CONVERSION = YES;
				CLANG_WARN_COMMA = YES;
				CLANG_WARN_CONSTANT_CONVERSION = YES;
				CLANG_WARN_DEPRECATED_OBJC_IMPLEMENTATIONS = YES;
				CLANG_WARN_DIRECT_OBJC_ISA_USAGE = YES_ERROR;
				CLANG_WARN_DOCUMENTATION_COMMENTS = YES;
				CLANG_WARN_EMPTY_BODY = YES;
				CLANG_WARN_ENUM_CONVERSION = YES;
				CLANG_WARN_INFINITE_RECURSION = YES;
				CLANG_WARN_INT_CONVERSION = YES;
				CLANG_WARN_NON_LITERAL_NULL_CONVERSION = YES;
				CLANG_WARN_OBJC_IMPLICIT_RETAIN_SELF = YES;
				CLANG_WARN_OBJC_LITERAL_CONVERSION = YES;
				CLANG_WARN_OBJC_ROOT_CLASS = YES_ERROR;
				CLANG_WARN_RANGE_LOOP_ANALYSIS = YES;
				CLANG_WARN_STRICT_PROTOTYPES = YES;
				CLANG_WARN_SUSPICIOUS_MOVE = YES;
				CLANG_WARN_UNGUARDED_AVAILABILITY = YES_AGGRESSIVE;
				CLANG_WARN_UNREACHABLE_CODE = YES;
				CLANG_WARN__DUPLICATE_METHOD_MATCH = YES;
				COPY_PHASE_STRIP = NO;
				DEBUG_INFORMATION_FORMAT = "dwarf-with-dsym";
				ENABLE_NS_ASSERTIONS = NO;
				ENABLE_STRICT_OBJC_MSGSEND = YES;
				GCC_C_LANGUAGE_STANDARD = gnu11;
				GCC_NO_COMMON_BLOCKS = YES;
				GCC_WARN_64_TO_32_BIT_CONVERSION = YES;
				GCC_WARN_ABOUT_RETURN_TYPE = YES_ERROR;
				GCC_WARN_UNDECLARED_SELECTOR = YES;
				GCC_WARN_UNINITIALIZED_AUTOS = YES_AGGRESSIVE;
				GCC_WARN_UNUSED_FUNCTION = YES;
				GCC_WARN_UNUSED_VARIABLE = YES;
				IPHONEOS_DEPLOYMENT_TARGET = 13.2;
				MTL_ENABLE_DEBUG_INFO = NO;
				MTL_FAST_MATH = YES;
				SDKROOT = iphoneos;
				SWIFT_COMPILATION_MODE = wholemodule;
				SWIFT_OPTIMIZATION_LEVEL = "-O";
				VALIDATE_PRODUCT = YES;
			};
			name = Release;
		};
		B8A25CDF238F708C000E9E63 /* Debug */ = {
			isa = XCBuildConfiguration;
			baseConfigurationReference = 7C08E98E6EDE958D505C70F2 /* Pods-v2ex.debug.xcconfig */;
			buildSettings = {
				ASSETCATALOG_COMPILER_APPICON_NAME = AppIcon;
				CODE_SIGN_STYLE = Automatic;
				DEVELOPMENT_ASSET_PATHS = "\"v2ex/Preview Content\"";
				DEVELOPMENT_TEAM = MUXR6G7733;
				ENABLE_PREVIEWS = YES;
				INFOPLIST_FILE = v2ex/Info.plist;
				LD_RUNPATH_SEARCH_PATHS = (
					"$(inherited)",
					"@executable_path/Frameworks",
				);
				PRODUCT_BUNDLE_IDENTIFIER = com.skybrim.v2ex;
				PRODUCT_NAME = "$(TARGET_NAME)";
				SWIFT_VERSION = 5.0;
				TARGETED_DEVICE_FAMILY = "1,2";
			};
			name = Debug;
		};
		B8A25CE0238F708C000E9E63 /* Release */ = {
			isa = XCBuildConfiguration;
			baseConfigurationReference = 4C0B3DC112FF7D6EF079F843 /* Pods-v2ex.release.xcconfig */;
			buildSettings = {
				ASSETCATALOG_COMPILER_APPICON_NAME = AppIcon;
				CODE_SIGN_STYLE = Automatic;
				DEVELOPMENT_ASSET_PATHS = "\"v2ex/Preview Content\"";
				DEVELOPMENT_TEAM = MUXR6G7733;
				ENABLE_PREVIEWS = YES;
				INFOPLIST_FILE = v2ex/Info.plist;
				LD_RUNPATH_SEARCH_PATHS = (
					"$(inherited)",
					"@executable_path/Frameworks",
				);
				PRODUCT_BUNDLE_IDENTIFIER = com.skybrim.v2ex;
				PRODUCT_NAME = "$(TARGET_NAME)";
				SWIFT_VERSION = 5.0;
				TARGETED_DEVICE_FAMILY = "1,2";
			};
			name = Release;
		};
		B8A25CE2238F708C000E9E63 /* Debug */ = {
			isa = XCBuildConfiguration;
			buildSettings = {
				ALWAYS_EMBED_SWIFT_STANDARD_LIBRARIES = YES;
				BUNDLE_LOADER = "$(TEST_HOST)";
				CODE_SIGN_STYLE = Automatic;
				DEVELOPMENT_TEAM = MUXR6G7733;
				INFOPLIST_FILE = v2exTests/Info.plist;
				IPHONEOS_DEPLOYMENT_TARGET = 13.2;
				LD_RUNPATH_SEARCH_PATHS = (
					"$(inherited)",
					"@executable_path/Frameworks",
					"@loader_path/Frameworks",
				);
				PRODUCT_BUNDLE_IDENTIFIER = com.skybrim.v2exTests;
				PRODUCT_NAME = "$(TARGET_NAME)";
				SWIFT_VERSION = 5.0;
				TARGETED_DEVICE_FAMILY = "1,2";
				TEST_HOST = "$(BUILT_PRODUCTS_DIR)/v2ex.app/v2ex";
			};
			name = Debug;
		};
		B8A25CE3238F708C000E9E63 /* Release */ = {
			isa = XCBuildConfiguration;
			buildSettings = {
				ALWAYS_EMBED_SWIFT_STANDARD_LIBRARIES = YES;
				BUNDLE_LOADER = "$(TEST_HOST)";
				CODE_SIGN_STYLE = Automatic;
				DEVELOPMENT_TEAM = MUXR6G7733;
				INFOPLIST_FILE = v2exTests/Info.plist;
				IPHONEOS_DEPLOYMENT_TARGET = 13.2;
				LD_RUNPATH_SEARCH_PATHS = (
					"$(inherited)",
					"@executable_path/Frameworks",
					"@loader_path/Frameworks",
				);
				PRODUCT_BUNDLE_IDENTIFIER = com.skybrim.v2exTests;
				PRODUCT_NAME = "$(TARGET_NAME)";
				SWIFT_VERSION = 5.0;
				TARGETED_DEVICE_FAMILY = "1,2";
				TEST_HOST = "$(BUILT_PRODUCTS_DIR)/v2ex.app/v2ex";
			};
			name = Release;
		};
		B8A25CE5238F708C000E9E63 /* Debug */ = {
			isa = XCBuildConfiguration;
			buildSettings = {
				ALWAYS_EMBED_SWIFT_STANDARD_LIBRARIES = YES;
				CODE_SIGN_STYLE = Automatic;
				DEVELOPMENT_TEAM = MUXR6G7733;
				INFOPLIST_FILE = v2exUITests/Info.plist;
				LD_RUNPATH_SEARCH_PATHS = (
					"$(inherited)",
					"@executable_path/Frameworks",
					"@loader_path/Frameworks",
				);
				PRODUCT_BUNDLE_IDENTIFIER = com.skybrim.v2exUITests;
				PRODUCT_NAME = "$(TARGET_NAME)";
				SWIFT_VERSION = 5.0;
				TARGETED_DEVICE_FAMILY = "1,2";
				TEST_TARGET_NAME = v2ex;
			};
			name = Debug;
		};
		B8A25CE6238F708C000E9E63 /* Release */ = {
			isa = XCBuildConfiguration;
			buildSettings = {
				ALWAYS_EMBED_SWIFT_STANDARD_LIBRARIES = YES;
				CODE_SIGN_STYLE = Automatic;
				DEVELOPMENT_TEAM = MUXR6G7733;
				INFOPLIST_FILE = v2exUITests/Info.plist;
				LD_RUNPATH_SEARCH_PATHS = (
					"$(inherited)",
					"@executable_path/Frameworks",
					"@loader_path/Frameworks",
				);
				PRODUCT_BUNDLE_IDENTIFIER = com.skybrim.v2exUITests;
				PRODUCT_NAME = "$(TARGET_NAME)";
				SWIFT_VERSION = 5.0;
				TARGETED_DEVICE_FAMILY = "1,2";
				TEST_TARGET_NAME = v2ex;
			};
			name = Release;
		};
/* End XCBuildConfiguration section */

/* Begin XCConfigurationList section */
		B8A25CAC238F7088000E9E63 /* Build configuration list for PBXProject "v2ex" */ = {
			isa = XCConfigurationList;
			buildConfigurations = (
				B8A25CDC238F708C000E9E63 /* Debug */,
				B8A25CDD238F708C000E9E63 /* Release */,
			);
			defaultConfigurationIsVisible = 0;
			defaultConfigurationName = Release;
		};
		B8A25CDE238F708C000E9E63 /* Build configuration list for PBXNativeTarget "v2ex" */ = {
			isa = XCConfigurationList;
			buildConfigurations = (
				B8A25CDF238F708C000E9E63 /* Debug */,
				B8A25CE0238F708C000E9E63 /* Release */,
			);
			defaultConfigurationIsVisible = 0;
			defaultConfigurationName = Release;
		};
		B8A25CE1238F708C000E9E63 /* Build configuration list for PBXNativeTarget "v2exTests" */ = {
			isa = XCConfigurationList;
			buildConfigurations = (
				B8A25CE2238F708C000E9E63 /* Debug */,
				B8A25CE3238F708C000E9E63 /* Release */,
			);
			defaultConfigurationIsVisible = 0;
			defaultConfigurationName = Release;
		};
		B8A25CE4238F708C000E9E63 /* Build configuration list for PBXNativeTarget "v2exUITests" */ = {
			isa = XCConfigurationList;
			buildConfigurations = (
				B8A25CE5238F708C000E9E63 /* Debug */,
				B8A25CE6238F708C000E9E63 /* Release */,
			);
			defaultConfigurationIsVisible = 0;
			defaultConfigurationName = Release;
		};
/* End XCConfigurationList section */

/* Begin XCVersionGroup section */
		B8A25CB8238F7088000E9E63 /* v2ex.xcdatamodeld */ = {
			isa = XCVersionGroup;
			children = (
				B8A25CB9238F7088000E9E63 /* v2ex.xcdatamodel */,
			);
			currentVersion = B8A25CB9238F7088000E9E63 /* v2ex.xcdatamodel */;
			path = v2ex.xcdatamodeld;
			sourceTree = "<group>";
			versionGroupType = wrapper.xcdatamodel;
		};
/* End XCVersionGroup section */
	};
	rootObject = B8A25CA9238F7088000E9E63 /* Project object */;
}
