// !$*UTF8*$!
{
	archiveVersion = 1;
	classes = {
	};
	objectVersion = 51;
	objects = {

/* Begin PBXBuildFile section */
		B891474F23B0ACF100476C8B /* v2exTests.swift in Sources */ = {isa = PBXBuildFile; fileRef = B891474E23B0ACF100476C8B /* v2exTests.swift */; };
		B8940DDE23A09C0400E33740 /* AppDelegate.swift in Sources */ = {isa = PBXBuildFile; fileRef = B8940DDD23A09C0400E33740 /* AppDelegate.swift */; };
		B8940DE223A09C0400E33740 /* ViewController.swift in Sources */ = {isa = PBXBuildFile; fileRef = B8940DE123A09C0400E33740 /* ViewController.swift */; };
		B8940DE723A09C0700E33740 /* Assets.xcassets in Resources */ = {isa = PBXBuildFile; fileRef = B8940DE623A09C0700E33740 /* Assets.xcassets */; };
		B8940DEA23A09C0700E33740 /* LaunchScreen.storyboard in Resources */ = {isa = PBXBuildFile; fileRef = B8940DE823A09C0700E33740 /* LaunchScreen.storyboard */; };
		B8940DF223A0CACF00E33740 /* Kit.swift in Sources */ = {isa = PBXBuildFile; fileRef = B8940DF123A0CACF00E33740 /* Kit.swift */; };
		B8E392C423AC7D3E00E9FA40 /* String+Additions.swift in Sources */ = {isa = PBXBuildFile; fileRef = B8E392C323AC7D3E00E9FA40 /* String+Additions.swift */; };
		B8E392C623AC7D6900E9FA40 /* Sequence+Additions.swift in Sources */ = {isa = PBXBuildFile; fileRef = B8E392C523AC7D6900E9FA40 /* Sequence+Additions.swift */; };
		B8E392C823AC7D7C00E9FA40 /* Dictionary+Additions.swift in Sources */ = {isa = PBXBuildFile; fileRef = B8E392C723AC7D7C00E9FA40 /* Dictionary+Additions.swift */; };
		B8E392CA23AC7DFF00E9FA40 /* Optional+Additions.swift in Sources */ = {isa = PBXBuildFile; fileRef = B8E392C923AC7DFF00E9FA40 /* Optional+Additions.swift */; };
		B8E392CD23AC9A9800E9FA40 /* Request.swift in Sources */ = {isa = PBXBuildFile; fileRef = B8E392CC23AC9A9800E9FA40 /* Request.swift */; };
		BFBA17C2997CBEF944DA9736 /* Pods_v2ex.framework in Frameworks */ = {isa = PBXBuildFile; fileRef = 178A51DDE34A9963DF36165D /* Pods_v2ex.framework */; };
/* End PBXBuildFile section */

/* Begin PBXContainerItemProxy section */
		B891475123B0ACF100476C8B /* PBXContainerItemProxy */ = {
			isa = PBXContainerItemProxy;
			containerPortal = B8940DD223A09C0400E33740 /* Project object */;
			proxyType = 1;
			remoteGlobalIDString = B8940DD923A09C0400E33740;
			remoteInfo = v2ex;
		};
/* End PBXContainerItemProxy section */

/* Begin PBXFileReference section */
		138A940CE1E123FD331ACF0A /* Pods-v2ex.debug.xcconfig */ = {isa = PBXFileReference; includeInIndex = 1; lastKnownFileType = text.xcconfig; name = "Pods-v2ex.debug.xcconfig"; path = "Target Support Files/Pods-v2ex/Pods-v2ex.debug.xcconfig"; sourceTree = "<group>"; };
		178A51DDE34A9963DF36165D /* Pods_v2ex.framework */ = {isa = PBXFileReference; explicitFileType = wrapper.framework; includeInIndex = 0; path = Pods_v2ex.framework; sourceTree = BUILT_PRODUCTS_DIR; };
		B891474C23B0ACF100476C8B /* v2exTests.xctest */ = {isa = PBXFileReference; explicitFileType = wrapper.cfbundle; includeInIndex = 0; path = v2exTests.xctest; sourceTree = BUILT_PRODUCTS_DIR; };
		B891474E23B0ACF100476C8B /* v2exTests.swift */ = {isa = PBXFileReference; lastKnownFileType = sourcecode.swift; path = v2exTests.swift; sourceTree = "<group>"; };
		B891475023B0ACF100476C8B /* Info.plist */ = {isa = PBXFileReference; lastKnownFileType = text.plist.xml; path = Info.plist; sourceTree = "<group>"; };
		B8940DDA23A09C0400E33740 /* v2ex.app */ = {isa = PBXFileReference; explicitFileType = wrapper.application; includeInIndex = 0; path = v2ex.app; sourceTree = BUILT_PRODUCTS_DIR; };
		B8940DDD23A09C0400E33740 /* AppDelegate.swift */ = {isa = PBXFileReference; lastKnownFileType = sourcecode.swift; path = AppDelegate.swift; sourceTree = "<group>"; };
		B8940DE123A09C0400E33740 /* ViewController.swift */ = {isa = PBXFileReference; lastKnownFileType = sourcecode.swift; path = ViewController.swift; sourceTree = "<group>"; };
		B8940DE623A09C0700E33740 /* Assets.xcassets */ = {isa = PBXFileReference; lastKnownFileType = folder.assetcatalog; path = Assets.xcassets; sourceTree = "<group>"; };
		B8940DE923A09C0700E33740 /* Base */ = {isa = PBXFileReference; lastKnownFileType = file.storyboard; name = Base; path = Base.lproj/LaunchScreen.storyboard; sourceTree = "<group>"; };
		B8940DEB23A09C0700E33740 /* Info.plist */ = {isa = PBXFileReference; lastKnownFileType = text.plist.xml; path = Info.plist; sourceTree = "<group>"; };
		B8940DF123A0CACF00E33740 /* Kit.swift */ = {isa = PBXFileReference; lastKnownFileType = sourcecode.swift; path = Kit.swift; sourceTree = "<group>"; };
		B8E392C323AC7D3E00E9FA40 /* String+Additions.swift */ = {isa = PBXFileReference; lastKnownFileType = sourcecode.swift; path = "String+Additions.swift"; sourceTree = "<group>"; };
		B8E392C523AC7D6900E9FA40 /* Sequence+Additions.swift */ = {isa = PBXFileReference; lastKnownFileType = sourcecode.swift; path = "Sequence+Additions.swift"; sourceTree = "<group>"; };
		B8E392C723AC7D7C00E9FA40 /* Dictionary+Additions.swift */ = {isa = PBXFileReference; lastKnownFileType = sourcecode.swift; path = "Dictionary+Additions.swift"; sourceTree = "<group>"; };
		B8E392C923AC7DFF00E9FA40 /* Optional+Additions.swift */ = {isa = PBXFileReference; lastKnownFileType = sourcecode.swift; path = "Optional+Additions.swift"; sourceTree = "<group>"; };
		B8E392CC23AC9A9800E9FA40 /* Request.swift */ = {isa = PBXFileReference; lastKnownFileType = sourcecode.swift; path = Request.swift; sourceTree = "<group>"; };
		C47B65DE023293F3F33F7D5E /* Pods-v2ex.release.xcconfig */ = {isa = PBXFileReference; includeInIndex = 1; lastKnownFileType = text.xcconfig; name = "Pods-v2ex.release.xcconfig"; path = "Target Support Files/Pods-v2ex/Pods-v2ex.release.xcconfig"; sourceTree = "<group>"; };
/* End PBXFileReference section */

/* Begin PBXFrameworksBuildPhase section */
		B891474923B0ACF100476C8B /* Frameworks */ = {
			isa = PBXFrameworksBuildPhase;
			buildActionMask = 2147483647;
			files = (
			);
			runOnlyForDeploymentPostprocessing = 0;
		};
		B8940DD723A09C0400E33740 /* Frameworks */ = {
			isa = PBXFrameworksBuildPhase;
			buildActionMask = 2147483647;
			files = (
				BFBA17C2997CBEF944DA9736 /* Pods_v2ex.framework in Frameworks */,
			);
			runOnlyForDeploymentPostprocessing = 0;
		};
/* End PBXFrameworksBuildPhase section */

/* Begin PBXGroup section */
		3C1AD2AFD29A000442A16D79 /* Pods */ = {
			isa = PBXGroup;
			children = (
				138A940CE1E123FD331ACF0A /* Pods-v2ex.debug.xcconfig */,
				C47B65DE023293F3F33F7D5E /* Pods-v2ex.release.xcconfig */,
			);
			path = Pods;
			sourceTree = "<group>";
		};
		76784478344B0984ACBEEB5D /* Frameworks */ = {
			isa = PBXGroup;
			children = (
				178A51DDE34A9963DF36165D /* Pods_v2ex.framework */,
			);
			name = Frameworks;
			sourceTree = "<group>";
		};
		B891474D23B0ACF100476C8B /* v2exTests */ = {
			isa = PBXGroup;
			children = (
				B891474E23B0ACF100476C8B /* v2exTests.swift */,
				B891475023B0ACF100476C8B /* Info.plist */,
			);
			path = v2exTests;
			sourceTree = "<group>";
		};
		B8940DD123A09C0400E33740 = {
			isa = PBXGroup;
			children = (
				B8940DDC23A09C0400E33740 /* v2ex */,
				B891474D23B0ACF100476C8B /* v2exTests */,
				B8940DDB23A09C0400E33740 /* Products */,
				3C1AD2AFD29A000442A16D79 /* Pods */,
				76784478344B0984ACBEEB5D /* Frameworks */,
			);
			sourceTree = "<group>";
		};
		B8940DDB23A09C0400E33740 /* Products */ = {
			isa = PBXGroup;
			children = (
				B8940DDA23A09C0400E33740 /* v2ex.app */,
				B891474C23B0ACF100476C8B /* v2exTests.xctest */,
			);
			name = Products;
			sourceTree = "<group>";
		};
		B8940DDC23A09C0400E33740 /* v2ex */ = {
			isa = PBXGroup;
			children = (
				B8940DDD23A09C0400E33740 /* AppDelegate.swift */,
				B8940DE123A09C0400E33740 /* ViewController.swift */,
				B8E392C123AC7BD800E9FA40 /* Kit */,
				B8940DE623A09C0700E33740 /* Assets.xcassets */,
				B8940DE823A09C0700E33740 /* LaunchScreen.storyboard */,
				B8940DEB23A09C0700E33740 /* Info.plist */,
			);
			path = v2ex;
			sourceTree = "<group>";
		};
		B8E392C123AC7BD800E9FA40 /* Kit */ = {
			isa = PBXGroup;
			children = (
				B8E392CB23AC9A7A00E9FA40 /* Request */,
				B8E392C223AC7C8900E9FA40 /* FoundationExtension */,
				B8940DF123A0CACF00E33740 /* Kit.swift */,
			);
			path = Kit;
			sourceTree = "<group>";
		};
		B8E392C223AC7C8900E9FA40 /* FoundationExtension */ = {
			isa = PBXGroup;
			children = (
				B8E392C323AC7D3E00E9FA40 /* String+Additions.swift */,
				B8E392C523AC7D6900E9FA40 /* Sequence+Additions.swift */,
				B8E392C723AC7D7C00E9FA40 /* Dictionary+Additions.swift */,
				B8E392C923AC7DFF00E9FA40 /* Optional+Additions.swift */,
			);
			path = FoundationExtension;
			sourceTree = "<group>";
		};
		B8E392CB23AC9A7A00E9FA40 /* Request */ = {
			isa = PBXGroup;
			children = (
				B8E392CC23AC9A9800E9FA40 /* Request.swift */,
			);
			path = Request;
			sourceTree = "<group>";
		};
/* End PBXGroup section */

/* Begin PBXNativeTarget section */
		B891474B23B0ACF100476C8B /* v2exTests */ = {
			isa = PBXNativeTarget;
			buildConfigurationList = B891475523B0ACF100476C8B /* Build configuration list for PBXNativeTarget "v2exTests" */;
			buildPhases = (
				B891474823B0ACF100476C8B /* Sources */,
				B891474923B0ACF100476C8B /* Frameworks */,
				B891474A23B0ACF100476C8B /* Resources */,
			);
			buildRules = (
			);
			dependencies = (
				B891475223B0ACF100476C8B /* PBXTargetDependency */,
			);
			name = v2exTests;
			productName = v2exTests;
			productReference = B891474C23B0ACF100476C8B /* v2exTests.xctest */;
			productType = "com.apple.product-type.bundle.unit-test";
		};
		B8940DD923A09C0400E33740 /* v2ex */ = {
			isa = PBXNativeTarget;
			buildConfigurationList = B8940DEE23A09C0700E33740 /* Build configuration list for PBXNativeTarget "v2ex" */;
			buildPhases = (
				AE424B8F685CA8D200DAA69C /* [CP] Check Pods Manifest.lock */,
				B8940DD623A09C0400E33740 /* Sources */,
				B8940DD723A09C0400E33740 /* Frameworks */,
				B8940DD823A09C0400E33740 /* Resources */,
				F50AE5ADB21A0A4E78D8F3B9 /* [CP] Embed Pods Frameworks */,
			);
			buildRules = (
			);
			dependencies = (
			);
			name = v2ex;
			productName = v2ex;
			productReference = B8940DDA23A09C0400E33740 /* v2ex.app */;
			productType = "com.apple.product-type.application";
		};
/* End PBXNativeTarget section */

/* Begin PBXProject section */
		B8940DD223A09C0400E33740 /* Project object */ = {
			isa = PBXProject;
			attributes = {
				LastSwiftUpdateCheck = 1120;
				LastUpgradeCheck = 1120;
				ORGANIZATIONNAME = wiley;
				TargetAttributes = {
					B891474B23B0ACF100476C8B = {
						CreatedOnToolsVersion = 11.2.1;
						TestTargetID = B8940DD923A09C0400E33740;
					};
					B8940DD923A09C0400E33740 = {
						CreatedOnToolsVersion = 11.2.1;
					};
				};
			};
			buildConfigurationList = B8940DD523A09C0400E33740 /* Build configuration list for PBXProject "v2ex" */;
			compatibilityVersion = "Xcode 9.3";
			developmentRegion = en;
			hasScannedForEncodings = 0;
			knownRegions = (
				en,
				Base,
			);
			mainGroup = B8940DD123A09C0400E33740;
			productRefGroup = B8940DDB23A09C0400E33740 /* Products */;
			projectDirPath = "";
			projectRoot = "";
			targets = (
				B8940DD923A09C0400E33740 /* v2ex */,
				B891474B23B0ACF100476C8B /* v2exTests */,
			);
		};
/* End PBXProject section */

/* Begin PBXResourcesBuildPhase section */
		B891474A23B0ACF100476C8B /* Resources */ = {
			isa = PBXResourcesBuildPhase;
			buildActionMask = 2147483647;
			files = (
			);
			runOnlyForDeploymentPostprocessing = 0;
		};
		B8940DD823A09C0400E33740 /* Resources */ = {
			isa = PBXResourcesBuildPhase;
			buildActionMask = 2147483647;
			files = (
				B8940DEA23A09C0700E33740 /* LaunchScreen.storyboard in Resources */,
				B8940DE723A09C0700E33740 /* Assets.xcassets in Resources */,
			);
			runOnlyForDeploymentPostprocessing = 0;
		};
/* End PBXResourcesBuildPhase section */

/* Begin PBXShellScriptBuildPhase section */
		AE424B8F685CA8D200DAA69C /* [CP] Check Pods Manifest.lock */ = {
			isa = PBXShellScriptBuildPhase;
			buildActionMask = 2147483647;
			files = (
			);
			inputFileListPaths = (
			);
			inputPaths = (
				"${PODS_PODFILE_DIR_PATH}/Podfile.lock",
				"${PODS_ROOT}/Manifest.lock",
			);
			name = "[CP] Check Pods Manifest.lock";
			outputFileListPaths = (
			);
			outputPaths = (
				"$(DERIVED_FILE_DIR)/Pods-v2ex-checkManifestLockResult.txt",
			);
			runOnlyForDeploymentPostprocessing = 0;
			shellPath = /bin/sh;
			shellScript = "diff \"${PODS_PODFILE_DIR_PATH}/Podfile.lock\" \"${PODS_ROOT}/Manifest.lock\" > /dev/null\nif [ $? != 0 ] ; then\n    # print error to STDERR\n    echo \"error: The sandbox is not in sync with the Podfile.lock. Run 'pod install' or update your CocoaPods installation.\" >&2\n    exit 1\nfi\n# This output is used by Xcode 'outputs' to avoid re-running this script phase.\necho \"SUCCESS\" > \"${SCRIPT_OUTPUT_FILE_0}\"\n";
			showEnvVarsInLog = 0;
		};
		F50AE5ADB21A0A4E78D8F3B9 /* [CP] Embed Pods Frameworks */ = {
			isa = PBXShellScriptBuildPhase;
			buildActionMask = 2147483647;
			files = (
			);
			inputFileListPaths = (
				"${PODS_ROOT}/Target Support Files/Pods-v2ex/Pods-v2ex-frameworks-${CONFIGURATION}-input-files.xcfilelist",
			);
			name = "[CP] Embed Pods Frameworks";
			outputFileListPaths = (
				"${PODS_ROOT}/Target Support Files/Pods-v2ex/Pods-v2ex-frameworks-${CONFIGURATION}-output-files.xcfilelist",
			);
			runOnlyForDeploymentPostprocessing = 0;
			shellPath = /bin/sh;
			shellScript = "\"${PODS_ROOT}/Target Support Files/Pods-v2ex/Pods-v2ex-frameworks.sh\"\n";
			showEnvVarsInLog = 0;
		};
/* End PBXShellScriptBuildPhase section */

/* Begin PBXSourcesBuildPhase section */
		B891474823B0ACF100476C8B /* Sources */ = {
			isa = PBXSourcesBuildPhase;
			buildActionMask = 2147483647;
			files = (
				B891474F23B0ACF100476C8B /* v2exTests.swift in Sources */,
			);
			runOnlyForDeploymentPostprocessing = 0;
		};
		B8940DD623A09C0400E33740 /* Sources */ = {
			isa = PBXSourcesBuildPhase;
			buildActionMask = 2147483647;
			files = (
				B8E392CA23AC7DFF00E9FA40 /* Optional+Additions.swift in Sources */,
				B8E392CD23AC9A9800E9FA40 /* Request.swift in Sources */,
				B8940DF223A0CACF00E33740 /* Kit.swift in Sources */,
				B8E392C623AC7D6900E9FA40 /* Sequence+Additions.swift in Sources */,
				B8940DE223A09C0400E33740 /* ViewController.swift in Sources */,
				B8E392C423AC7D3E00E9FA40 /* String+Additions.swift in Sources */,
				B8940DDE23A09C0400E33740 /* AppDelegate.swift in Sources */,
				B8E392C823AC7D7C00E9FA40 /* Dictionary+Additions.swift in Sources */,
			);
			runOnlyForDeploymentPostprocessing = 0;
		};
/* End PBXSourcesBuildPhase section */

/* Begin PBXTargetDependency section */
		B891475223B0ACF100476C8B /* PBXTargetDependency */ = {
			isa = PBXTargetDependency;
			target = B8940DD923A09C0400E33740 /* v2ex */;
			targetProxy = B891475123B0ACF100476C8B /* PBXContainerItemProxy */;
		};
/* End PBXTargetDependency section */

/* Begin PBXVariantGroup section */
		B8940DE823A09C0700E33740 /* LaunchScreen.storyboard */ = {
			isa = PBXVariantGroup;
			children = (
				B8940DE923A09C0700E33740 /* Base */,
			);
			name = LaunchScreen.storyboard;
			sourceTree = "<group>";
		};
/* End PBXVariantGroup section */

/* Begin XCBuildConfiguration section */
		B891475323B0ACF100476C8B /* Debug */ = {
			isa = XCBuildConfiguration;
			buildSettings = {
				BUNDLE_LOADER = "$(TEST_HOST)";
				CODE_SIGN_STYLE = Automatic;
				DEVELOPMENT_TEAM = MUXR6G7733;
				INFOPLIST_FILE = v2exTests/Info.plist;
				LD_RUNPATH_SEARCH_PATHS = (
					"$(inherited)",
					"@executable_path/Frameworks",
					"@loader_path/Frameworks",
				);
				PRODUCT_BUNDLE_IDENTIFIER = com.skybrim.v2exTests;
				PRODUCT_NAME = "$(TARGET_NAME)";
				SWIFT_VERSION = 5.0;
				TARGETED_DEVICE_FAMILY = "1,2";
				TEST_HOST = "$(BUILT_PRODUCTS_DIR)/v2ex.app/v2ex";
			};
			name = Debug;
		};
		B891475423B0ACF100476C8B /* Release */ = {
			isa = XCBuildConfiguration;
			buildSettings = {
				BUNDLE_LOADER = "$(TEST_HOST)";
				CODE_SIGN_STYLE = Automatic;
				DEVELOPMENT_TEAM = MUXR6G7733;
				INFOPLIST_FILE = v2exTests/Info.plist;
				LD_RUNPATH_SEARCH_PATHS = (
					"$(inherited)",
					"@executable_path/Frameworks",
					"@loader_path/Frameworks",
				);
				PRODUCT_BUNDLE_IDENTIFIER = com.skybrim.v2exTests;
				PRODUCT_NAME = "$(TARGET_NAME)";
				SWIFT_VERSION = 5.0;
				TARGETED_DEVICE_FAMILY = "1,2";
				TEST_HOST = "$(BUILT_PRODUCTS_DIR)/v2ex.app/v2ex";
			};
			name = Release;
		};
		B8940DEC23A09C0700E33740 /* Debug */ = {
			isa = XCBuildConfiguration;
			buildSettings = {
				ALWAYS_SEARCH_USER_PATHS = NO;
				CLANG_ANALYZER_NONNULL = YES;
				CLANG_ANALYZER_NUMBER_OBJECT_CONVERSION = YES_AGGRESSIVE;
				CLANG_CXX_LANGUAGE_STANDARD = "gnu++14";
				CLANG_CXX_LIBRARY = "libc++";
				CLANG_ENABLE_MODULES = YES;
				CLANG_ENABLE_OBJC_ARC = YES;
				CLANG_ENABLE_OBJC_WEAK = YES;
				CLANG_WARN_BLOCK_CAPTURE_AUTORELEASING = YES;
				CLANG_WARN_BOOL_CONVERSION = YES;
				CLANG_WARN_COMMA = YES;
				CLANG_WARN_CONSTANT_CONVERSION = YES;
				CLANG_WARN_DEPRECATED_OBJC_IMPLEMENTATIONS = YES;
				CLANG_WARN_DIRECT_OBJC_ISA_USAGE = YES_ERROR;
				CLANG_WARN_DOCUMENTATION_COMMENTS = YES;
				CLANG_WARN_EMPTY_BODY = YES;
				CLANG_WARN_ENUM_CONVERSION = YES;
				CLANG_WARN_INFINITE_RECURSION = YES;
				CLANG_WARN_INT_CONVERSION = YES;
				CLANG_WARN_NON_LITERAL_NULL_CONVERSION = YES;
				CLANG_WARN_OBJC_IMPLICIT_RETAIN_SELF = YES;
				CLANG_WARN_OBJC_LITERAL_CONVERSION = YES;
				CLANG_WARN_OBJC_ROOT_CLASS = YES_ERROR;
				CLANG_WARN_RANGE_LOOP_ANALYSIS = YES;
				CLANG_WARN_STRICT_PROTOTYPES = YES;
				CLANG_WARN_SUSPICIOUS_MOVE = YES;
				CLANG_WARN_UNGUARDED_AVAILABILITY = YES_AGGRESSIVE;
				CLANG_WARN_UNREACHABLE_CODE = YES;
				CLANG_WARN__DUPLICATE_METHOD_MATCH = YES;
				COPY_PHASE_STRIP = NO;
				DEBUG_INFORMATION_FORMAT = dwarf;
				ENABLE_STRICT_OBJC_MSGSEND = YES;
				ENABLE_TESTABILITY = YES;
				GCC_C_LANGUAGE_STANDARD = gnu11;
				GCC_DYNAMIC_NO_PIC = NO;
				GCC_NO_COMMON_BLOCKS = YES;
				GCC_OPTIMIZATION_LEVEL = 0;
				GCC_PREPROCESSOR_DEFINITIONS = (
					"DEBUG=1",
					"$(inherited)",
				);
				GCC_WARN_64_TO_32_BIT_CONVERSION = YES;
				GCC_WARN_ABOUT_RETURN_TYPE = YES_ERROR;
				GCC_WARN_UNDECLARED_SELECTOR = YES;
				GCC_WARN_UNINITIALIZED_AUTOS = YES_AGGRESSIVE;
				GCC_WARN_UNUSED_FUNCTION = YES;
				GCC_WARN_UNUSED_VARIABLE = YES;
				IPHONEOS_DEPLOYMENT_TARGET = 13.2;
				MTL_ENABLE_DEBUG_INFO = INCLUDE_SOURCE;
				MTL_FAST_MATH = YES;
				ONLY_ACTIVE_ARCH = YES;
				SDKROOT = iphoneos;
				SWIFT_ACTIVE_COMPILATION_CONDITIONS = DEBUG;
				SWIFT_OPTIMIZATION_LEVEL = "-Onone";
			};
			name = Debug;
		};
		B8940DED23A09C0700E33740 /* Release */ = {
			isa = XCBuildConfiguration;
			buildSettings = {
				ALWAYS_SEARCH_USER_PATHS = NO;
				CLANG_ANALYZER_NONNULL = YES;
				CLANG_ANALYZER_NUMBER_OBJECT_CONVERSION = YES_AGGRESSIVE;
				CLANG_CXX_LANGUAGE_STANDARD = "gnu++14";
				CLANG_CXX_LIBRARY = "libc++";
				CLANG_ENABLE_MODULES = YES;
				CLANG_ENABLE_OBJC_ARC = YES;
				CLANG_ENABLE_OBJC_WEAK = YES;
				CLANG_WARN_BLOCK_CAPTURE_AUTORELEASING = YES;
				CLANG_WARN_BOOL_CONVERSION = YES;
				CLANG_WARN_COMMA = YES;
				CLANG_WARN_CONSTANT_CONVERSION = YES;
				CLANG_WARN_DEPRECATED_OBJC_IMPLEMENTATIONS = YES;
				CLANG_WARN_DIRECT_OBJC_ISA_USAGE = YES_ERROR;
				CLANG_WARN_DOCUMENTATION_COMMENTS = YES;
				CLANG_WARN_EMPTY_BODY = YES;
				CLANG_WARN_ENUM_CONVERSION = YES;
				CLANG_WARN_INFINITE_RECURSION = YES;
				CLANG_WARN_INT_CONVERSION = YES;
				CLANG_WARN_NON_LITERAL_NULL_CONVERSION = YES;
				CLANG_WARN_OBJC_IMPLICIT_RETAIN_SELF = YES;
				CLANG_WARN_OBJC_LITERAL_CONVERSION = YES;
				CLANG_WARN_OBJC_ROOT_CLASS = YES_ERROR;
				CLANG_WARN_RANGE_LOOP_ANALYSIS = YES;
				CLANG_WARN_STRICT_PROTOTYPES = YES;
				CLANG_WARN_SUSPICIOUS_MOVE = YES;
				CLANG_WARN_UNGUARDED_AVAILABILITY = YES_AGGRESSIVE;
				CLANG_WARN_UNREACHABLE_CODE = YES;
				CLANG_WARN__DUPLICATE_METHOD_MATCH = YES;
				COPY_PHASE_STRIP = NO;
				DEBUG_INFORMATION_FORMAT = "dwarf-with-dsym";
				ENABLE_NS_ASSERTIONS = NO;
				ENABLE_STRICT_OBJC_MSGSEND = YES;
				GCC_C_LANGUAGE_STANDARD = gnu11;
				GCC_NO_COMMON_BLOCKS = YES;
				GCC_WARN_64_TO_32_BIT_CONVERSION = YES;
				GCC_WARN_ABOUT_RETURN_TYPE = YES_ERROR;
				GCC_WARN_UNDECLARED_SELECTOR = YES;
				GCC_WARN_UNINITIALIZED_AUTOS = YES_AGGRESSIVE;
				GCC_WARN_UNUSED_FUNCTION = YES;
				GCC_WARN_UNUSED_VARIABLE = YES;
				IPHONEOS_DEPLOYMENT_TARGET = 13.2;
				MTL_ENABLE_DEBUG_INFO = NO;
				MTL_FAST_MATH = YES;
				SDKROOT = iphoneos;
				SWIFT_COMPILATION_MODE = wholemodule;
				SWIFT_OPTIMIZATION_LEVEL = "-O";
				VALIDATE_PRODUCT = YES;
			};
			name = Release;
		};
		B8940DEF23A09C0700E33740 /* Debug */ = {
			isa = XCBuildConfiguration;
			baseConfigurationReference = 138A940CE1E123FD331ACF0A /* Pods-v2ex.debug.xcconfig */;
			buildSettings = {
				ASSETCATALOG_COMPILER_APPICON_NAME = AppIcon;
				CODE_SIGN_STYLE = Automatic;
				DEVELOPMENT_TEAM = MUXR6G7733;
				INFOPLIST_FILE = v2ex/Info.plist;
				IPHONEOS_DEPLOYMENT_TARGET = 11.0;
				LD_RUNPATH_SEARCH_PATHS = (
					"$(inherited)",
					"@executable_path/Frameworks",
				);
				PRODUCT_BUNDLE_IDENTIFIER = com.skybrim.v2ex;
				PRODUCT_NAME = "$(TARGET_NAME)";
				SWIFT_VERSION = 5.0;
				TARGETED_DEVICE_FAMILY = "1,2";
			};
			name = Debug;
		};
		B8940DF023A09C0700E33740 /* Release */ = {
			isa = XCBuildConfiguration;
			baseConfigurationReference = C47B65DE023293F3F33F7D5E /* Pods-v2ex.release.xcconfig */;
			buildSettings = {
				ASSETCATALOG_COMPILER_APPICON_NAME = AppIcon;
				CODE_SIGN_STYLE = Automatic;
				DEVELOPMENT_TEAM = MUXR6G7733;
				INFOPLIST_FILE = v2ex/Info.plist;
				IPHONEOS_DEPLOYMENT_TARGET = 11.0;
				LD_RUNPATH_SEARCH_PATHS = (
					"$(inherited)",
					"@executable_path/Frameworks",
				);
				PRODUCT_BUNDLE_IDENTIFIER = com.skybrim.v2ex;
				PRODUCT_NAME = "$(TARGET_NAME)";
				SWIFT_VERSION = 5.0;
				TARGETED_DEVICE_FAMILY = "1,2";
			};
			name = Release;
		};
/* End XCBuildConfiguration section */

/* Begin XCConfigurationList section */
		B891475523B0ACF100476C8B /* Build configuration list for PBXNativeTarget "v2exTests" */ = {
			isa = XCConfigurationList;
			buildConfigurations = (
				B891475323B0ACF100476C8B /* Debug */,
				B891475423B0ACF100476C8B /* Release */,
			);
			defaultConfigurationIsVisible = 0;
			defaultConfigurationName = Release;
		};
		B8940DD523A09C0400E33740 /* Build configuration list for PBXProject "v2ex" */ = {
			isa = XCConfigurationList;
			buildConfigurations = (
				B8940DEC23A09C0700E33740 /* Debug */,
				B8940DED23A09C0700E33740 /* Release */,
			);
			defaultConfigurationIsVisible = 0;
			defaultConfigurationName = Release;
		};
		B8940DEE23A09C0700E33740 /* Build configuration list for PBXNativeTarget "v2ex" */ = {
			isa = XCConfigurationList;
			buildConfigurations = (
				B8940DEF23A09C0700E33740 /* Debug */,
				B8940DF023A09C0700E33740 /* Release */,
			);
			defaultConfigurationIsVisible = 0;
			defaultConfigurationName = Release;
		};
/* End XCConfigurationList section */
	};
	rootObject = B8940DD223A09C0400E33740 /* Project object */;
}
