PODS:
  - Alamofire (4.8.2)
  - GDPerformanceView-Swift (2.0.2)
  - Ji (5.0.0)
  - Kingfisher (5.6.0)
  - MarkdownView (1.6.0)
  - MJRefresh (3.2.0)
  - MonkeyKing (1.15.0)
  - Moya (13.0.1):
    - Moya/Core (= 13.0.1)
  - Moya/Core (13.0.1):
    - Alamofire (~> 4.1)
    - Result (~> 4.1)
  - Result (4.1.0)
  - SnapKit (5.0.0)

DEPENDENCIES:
  - GDPerformanceView-Swift
  - Ji
  - Kingfisher
  - MarkdownView
  - MJRefresh
  - MonkeyKing
  - Moya
  - SnapKit

SPEC REPOS:
  https://github.com/cocoapods/specs.git:
    - Alamofire
    - GDPerformanceView-Swift
    - Ji
    - Kingfisher
    - MarkdownView
    - MJRefresh
    - MonkeyKing
    - Moya
    - Result
    - SnapKit

SPEC CHECKSUMS:
  Alamofire: ae5c501addb7afdbb13687d7f2f722c78734c2d3
  GDPerformanceView-Swift: a40b2f675589449f5b5082f3178f01bfdb7882ce
  Ji: d795fed288fe78658b404c88946d753b17d8d7f4
  Kingfisher: 1a50df6880a60bae26f3e21a0df3d17b892f5e0b
  MarkdownView: 25c1c2d7ff9706624a575556296e188be3dd3f6b
  MJRefresh: ed450d6eb9d3346a2cb033ab7eb6de090aeef437
  MonkeyKing: 2bec76a578c8bd089703e70e20eb44e265bd2e67
  Moya: f4a4b80ff2f8a4ffc208dfb31cd91636622fee6e
  Result: bd966fac789cc6c1563440b348ab2598cc24d5c7
  SnapKit: fd22d10eb9aff484d79a8724eab922c1ddf89bcf

PODFILE CHECKSUM: e966de112886d311f3f7e998758c4dca1f2d540a

COCOAPODS: 1.7.5
