// !$*UTF8*$!
{
	archiveVersion = 1;
	classes = {
	};
	objectVersion = 51;
	objects = {

/* Begin PBXBuildFile section */
		0E08E95690E4D0C25BDBF5DA /* Pods_V2EX_Swift.framework in Frameworks */ = {isa = PBXBuildFile; fileRef = 53B255F2F794AF686CEC5026 /* Pods_V2EX_Swift.framework */; };
		B8009E1D22C3C177001670B2 /* TopicListTableViewController.swift in Sources */ = {isa = PBXBuildFile; fileRef = B8009E1C22C3C177001670B2 /* TopicListTableViewController.swift */; };
		B8009E1F22C3C38D001670B2 /* Themes.swift in Sources */ = {isa = PBXBuildFile; fileRef = B8009E1E22C3C38D001670B2 /* Themes.swift */; };
		B806022B22C4AC190076BC19 /* UserTableViewController.swift in Sources */ = {isa = PBXBuildFile; fileRef = B806022A22C4AC190076BC19 /* UserTableViewController.swift */; };
		B806023022C4AFA70076BC19 /* TopicDetailTableViewController.swift in Sources */ = {isa = PBXBuildFile; fileRef = B806022F22C4AFA70076BC19 /* TopicDetailTableViewController.swift */; };
		B829710D22C35DD800D8E756 /* AppDelegate.swift in Sources */ = {isa = PBXBuildFile; fileRef = B829710C22C35DD800D8E756 /* AppDelegate.swift */; };
		B829711222C35DD800D8E756 /* Main.storyboard in Resources */ = {isa = PBXBuildFile; fileRef = B829711022C35DD800D8E756 /* Main.storyboard */; };
		B829711422C35DDB00D8E756 /* Assets.xcassets in Resources */ = {isa = PBXBuildFile; fileRef = B829711322C35DDB00D8E756 /* Assets.xcassets */; };
		B829711722C35DDB00D8E756 /* LaunchScreen.storyboard in Resources */ = {isa = PBXBuildFile; fileRef = B829711522C35DDB00D8E756 /* LaunchScreen.storyboard */; };
		B829713322C3684B00D8E756 /* ThemesTableViewController.swift in Sources */ = {isa = PBXBuildFile; fileRef = B829713222C3684B00D8E756 /* ThemesTableViewController.swift */; };
		B8F2650222C9A11100ABC9D4 /* Localizable.strings in Resources */ = {isa = PBXBuildFile; fileRef = B8F2650422C9A11100ABC9D4 /* Localizable.strings */; };
		B8F2650722C9B64E00ABC9D4 /* User.swift in Sources */ = {isa = PBXBuildFile; fileRef = B8F2650622C9B64E00ABC9D4 /* User.swift */; };
		B8F2650922C9D57200ABC9D4 /* V2exUrl.swift in Sources */ = {isa = PBXBuildFile; fileRef = B8F2650822C9D57200ABC9D4 /* V2exUrl.swift */; };
		B8F2650B22C9D57F00ABC9D4 /* V2exApi.swift in Sources */ = {isa = PBXBuildFile; fileRef = B8F2650A22C9D57F00ABC9D4 /* V2exApi.swift */; };
		B8F2650D22C9F27D00ABC9D4 /* TopicList.swift in Sources */ = {isa = PBXBuildFile; fileRef = B8F2650C22C9F27D00ABC9D4 /* TopicList.swift */; };
/* End PBXBuildFile section */

/* Begin PBXFileReference section */
		53B255F2F794AF686CEC5026 /* Pods_V2EX_Swift.framework */ = {isa = PBXFileReference; explicitFileType = wrapper.framework; includeInIndex = 0; path = Pods_V2EX_Swift.framework; sourceTree = BUILT_PRODUCTS_DIR; };
		A9FC7B2F64482CF622AEBB6F /* Pods-V2EX-Swift.release.xcconfig */ = {isa = PBXFileReference; includeInIndex = 1; lastKnownFileType = text.xcconfig; name = "Pods-V2EX-Swift.release.xcconfig"; path = "Target Support Files/Pods-V2EX-Swift/Pods-V2EX-Swift.release.xcconfig"; sourceTree = "<group>"; };
		B8009E1C22C3C177001670B2 /* TopicListTableViewController.swift */ = {isa = PBXFileReference; lastKnownFileType = sourcecode.swift; path = TopicListTableViewController.swift; sourceTree = "<group>"; };
		B8009E1E22C3C38D001670B2 /* Themes.swift */ = {isa = PBXFileReference; lastKnownFileType = sourcecode.swift; path = Themes.swift; sourceTree = "<group>"; };
		B806022A22C4AC190076BC19 /* UserTableViewController.swift */ = {isa = PBXFileReference; lastKnownFileType = sourcecode.swift; path = UserTableViewController.swift; sourceTree = "<group>"; };
		B806022F22C4AFA70076BC19 /* TopicDetailTableViewController.swift */ = {isa = PBXFileReference; lastKnownFileType = sourcecode.swift; path = TopicDetailTableViewController.swift; sourceTree = "<group>"; };
		B829710922C35DD800D8E756 /* V2EX-Swift.app */ = {isa = PBXFileReference; explicitFileType = wrapper.application; includeInIndex = 0; path = "V2EX-Swift.app"; sourceTree = BUILT_PRODUCTS_DIR; };
		B829710C22C35DD800D8E756 /* AppDelegate.swift */ = {isa = PBXFileReference; lastKnownFileType = sourcecode.swift; path = AppDelegate.swift; sourceTree = "<group>"; };
		B829711122C35DD800D8E756 /* Base */ = {isa = PBXFileReference; lastKnownFileType = file.storyboard; name = Base; path = Base.lproj/Main.storyboard; sourceTree = "<group>"; };
		B829711322C35DDB00D8E756 /* Assets.xcassets */ = {isa = PBXFileReference; lastKnownFileType = folder.assetcatalog; path = Assets.xcassets; sourceTree = "<group>"; };
		B829711622C35DDB00D8E756 /* Base */ = {isa = PBXFileReference; lastKnownFileType = file.storyboard; name = Base; path = Base.lproj/LaunchScreen.storyboard; sourceTree = "<group>"; };
		B829711822C35DDB00D8E756 /* Info.plist */ = {isa = PBXFileReference; lastKnownFileType = text.plist.xml; path = Info.plist; sourceTree = "<group>"; };
		B829713222C3684B00D8E756 /* ThemesTableViewController.swift */ = {isa = PBXFileReference; lastKnownFileType = sourcecode.swift; path = ThemesTableViewController.swift; sourceTree = "<group>"; };
		B8F264FF22C9A09E00ABC9D4 /* zh-Hans */ = {isa = PBXFileReference; lastKnownFileType = text.plist.strings; name = "zh-Hans"; path = "zh-Hans.lproj/LaunchScreen.strings"; sourceTree = "<group>"; };
		B8F2650322C9A11100ABC9D4 /* zh-Hans */ = {isa = PBXFileReference; lastKnownFileType = text.plist.strings; name = "zh-Hans"; path = "zh-Hans.lproj/Localizable.strings"; sourceTree = "<group>"; };
		B8F2650522C9A11D00ABC9D4 /* en */ = {isa = PBXFileReference; lastKnownFileType = text.plist.strings; name = en; path = en.lproj/Localizable.strings; sourceTree = "<group>"; };
		B8F2650622C9B64E00ABC9D4 /* User.swift */ = {isa = PBXFileReference; lastKnownFileType = sourcecode.swift; path = User.swift; sourceTree = "<group>"; };
		B8F2650822C9D57200ABC9D4 /* V2exUrl.swift */ = {isa = PBXFileReference; lastKnownFileType = sourcecode.swift; path = V2exUrl.swift; sourceTree = "<group>"; };
		B8F2650A22C9D57F00ABC9D4 /* V2exApi.swift */ = {isa = PBXFileReference; lastKnownFileType = sourcecode.swift; path = V2exApi.swift; sourceTree = "<group>"; };
		B8F2650C22C9F27D00ABC9D4 /* TopicList.swift */ = {isa = PBXFileReference; lastKnownFileType = sourcecode.swift; path = TopicList.swift; sourceTree = "<group>"; };
		D41C306E7E3A0F765CD31B57 /* Pods-V2EX-Swift.debug.xcconfig */ = {isa = PBXFileReference; includeInIndex = 1; lastKnownFileType = text.xcconfig; name = "Pods-V2EX-Swift.debug.xcconfig"; path = "Target Support Files/Pods-V2EX-Swift/Pods-V2EX-Swift.debug.xcconfig"; sourceTree = "<group>"; };
/* End PBXFileReference section */

/* Begin PBXFrameworksBuildPhase section */
		B829710622C35DD800D8E756 /* Frameworks */ = {
			isa = PBXFrameworksBuildPhase;
			buildActionMask = 2147483647;
			files = (
				0E08E95690E4D0C25BDBF5DA /* Pods_V2EX_Swift.framework in Frameworks */,
			);
			runOnlyForDeploymentPostprocessing = 0;
		};
/* End PBXFrameworksBuildPhase section */

/* Begin PBXGroup section */
		760F041744918F11B4B6CDBE /* Frameworks */ = {
			isa = PBXGroup;
			children = (
				53B255F2F794AF686CEC5026 /* Pods_V2EX_Swift.framework */,
			);
			name = Frameworks;
			sourceTree = "<group>";
		};
		B8009E2022C3C723001670B2 /* Nodes */ = {
			isa = PBXGroup;
			children = (
				B829713222C3684B00D8E756 /* ThemesTableViewController.swift */,
				B8009E1E22C3C38D001670B2 /* Themes.swift */,
			);
			path = Nodes;
			sourceTree = "<group>";
		};
		B8009E2122C3C736001670B2 /* TopicList */ = {
			isa = PBXGroup;
			children = (
				B8009E1C22C3C177001670B2 /* TopicListTableViewController.swift */,
				B8F2650C22C9F27D00ABC9D4 /* TopicList.swift */,
			);
			path = TopicList;
			sourceTree = "<group>";
		};
		B806022922C4ABF30076BC19 /* Account */ = {
			isa = PBXGroup;
			children = (
				B806022A22C4AC190076BC19 /* UserTableViewController.swift */,
				B8F2650622C9B64E00ABC9D4 /* User.swift */,
			);
			path = Account;
			sourceTree = "<group>";
		};
		B806022E22C4AF8D0076BC19 /* TopicDetail */ = {
			isa = PBXGroup;
			children = (
				B806022F22C4AFA70076BC19 /* TopicDetailTableViewController.swift */,
			);
			path = TopicDetail;
			sourceTree = "<group>";
		};
		B806023722C4C6870076BC19 /* Network */ = {
			isa = PBXGroup;
			children = (
				B8F2650822C9D57200ABC9D4 /* V2exUrl.swift */,
				B8F2650A22C9D57F00ABC9D4 /* V2exApi.swift */,
			);
			path = Network;
			sourceTree = "<group>";
		};
		B806023822C4C6950076BC19 /* MVC */ = {
			isa = PBXGroup;
			children = (
				B806022E22C4AF8D0076BC19 /* TopicDetail */,
				B806022922C4ABF30076BC19 /* Account */,
				B8009E2022C3C723001670B2 /* Nodes */,
				B8009E2122C3C736001670B2 /* TopicList */,
				B829711022C35DD800D8E756 /* Main.storyboard */,
			);
			path = MVC;
			sourceTree = "<group>";
		};
		B829710022C35DD800D8E756 = {
			isa = PBXGroup;
			children = (
				B829710B22C35DD800D8E756 /* V2EX-Swift */,
				B829710A22C35DD800D8E756 /* Products */,
				C1B235DED1AE385B9FA5D97D /* Pods */,
				760F041744918F11B4B6CDBE /* Frameworks */,
			);
			sourceTree = "<group>";
		};
		B829710A22C35DD800D8E756 /* Products */ = {
			isa = PBXGroup;
			children = (
				B829710922C35DD800D8E756 /* V2EX-Swift.app */,
			);
			name = Products;
			sourceTree = "<group>";
		};
		B829710B22C35DD800D8E756 /* V2EX-Swift */ = {
			isa = PBXGroup;
			children = (
				B829710C22C35DD800D8E756 /* AppDelegate.swift */,
				B806023822C4C6950076BC19 /* MVC */,
				B806023722C4C6870076BC19 /* Network */,
				B829711822C35DDB00D8E756 /* Info.plist */,
				B829712122C35E4900D8E756 /* Supporting Files */,
			);
			path = "V2EX-Swift";
			sourceTree = "<group>";
		};
		B829712122C35E4900D8E756 /* Supporting Files */ = {
			isa = PBXGroup;
			children = (
				B829711322C35DDB00D8E756 /* Assets.xcassets */,
				B829711522C35DDB00D8E756 /* LaunchScreen.storyboard */,
				B8F2650422C9A11100ABC9D4 /* Localizable.strings */,
			);
			path = "Supporting Files";
			sourceTree = "<group>";
		};
		C1B235DED1AE385B9FA5D97D /* Pods */ = {
			isa = PBXGroup;
			children = (
				D41C306E7E3A0F765CD31B57 /* Pods-V2EX-Swift.debug.xcconfig */,
				A9FC7B2F64482CF622AEBB6F /* Pods-V2EX-Swift.release.xcconfig */,
			);
			path = Pods;
			sourceTree = "<group>";
		};
/* End PBXGroup section */

/* Begin PBXNativeTarget section */
		B829710822C35DD800D8E756 /* V2EX-Swift */ = {
			isa = PBXNativeTarget;
			buildConfigurationList = B829711B22C35DDB00D8E756 /* Build configuration list for PBXNativeTarget "V2EX-Swift" */;
			buildPhases = (
				0FF711ED3791C7019B49F2E7 /* [CP] Check Pods Manifest.lock */,
				B829710522C35DD800D8E756 /* Sources */,
				B829710622C35DD800D8E756 /* Frameworks */,
				B829710722C35DD800D8E756 /* Resources */,
				0955D62103FE0C1A3A1D800D /* [CP] Embed Pods Frameworks */,
			);
			buildRules = (
			);
			dependencies = (
			);
			name = "V2EX-Swift";
			productName = "V2EX-Swift";
			productReference = B829710922C35DD800D8E756 /* V2EX-Swift.app */;
			productType = "com.apple.product-type.application";
		};
/* End PBXNativeTarget section */

/* Begin PBXProject section */
		B829710122C35DD800D8E756 /* Project object */ = {
			isa = PBXProject;
			attributes = {
				LastSwiftUpdateCheck = 1020;
				LastUpgradeCheck = 1020;
				ORGANIZATIONNAME = Wiley;
				TargetAttributes = {
					B829710822C35DD800D8E756 = {
						CreatedOnToolsVersion = 10.2.1;
					};
				};
			};
			buildConfigurationList = B829710422C35DD800D8E756 /* Build configuration list for PBXProject "V2EX-Swift" */;
			compatibilityVersion = "Xcode 9.3";
			developmentRegion = en;
			hasScannedForEncodings = 0;
			knownRegions = (
				en,
				Base,
				"zh-Hans",
			);
			mainGroup = B829710022C35DD800D8E756;
			productRefGroup = B829710A22C35DD800D8E756 /* Products */;
			projectDirPath = "";
			projectRoot = "";
			targets = (
				B829710822C35DD800D8E756 /* V2EX-Swift */,
			);
		};
/* End PBXProject section */

/* Begin PBXResourcesBuildPhase section */
		B829710722C35DD800D8E756 /* Resources */ = {
			isa = PBXResourcesBuildPhase;
			buildActionMask = 2147483647;
			files = (
				B829711722C35DDB00D8E756 /* LaunchScreen.storyboard in Resources */,
				B8F2650222C9A11100ABC9D4 /* Localizable.strings in Resources */,
				B829711422C35DDB00D8E756 /* Assets.xcassets in Resources */,
				B829711222C35DD800D8E756 /* Main.storyboard in Resources */,
			);
			runOnlyForDeploymentPostprocessing = 0;
		};
/* End PBXResourcesBuildPhase section */

/* Begin PBXShellScriptBuildPhase section */
		0955D62103FE0C1A3A1D800D /* [CP] Embed Pods Frameworks */ = {
			isa = PBXShellScriptBuildPhase;
			buildActionMask = 2147483647;
			files = (
			);
			inputFileListPaths = (
				"${PODS_ROOT}/Target Support Files/Pods-V2EX-Swift/Pods-V2EX-Swift-frameworks-${CONFIGURATION}-input-files.xcfilelist",
			);
			name = "[CP] Embed Pods Frameworks";
			outputFileListPaths = (
				"${PODS_ROOT}/Target Support Files/Pods-V2EX-Swift/Pods-V2EX-Swift-frameworks-${CONFIGURATION}-output-files.xcfilelist",
			);
			runOnlyForDeploymentPostprocessing = 0;
			shellPath = /bin/sh;
			shellScript = "\"${PODS_ROOT}/Target Support Files/Pods-V2EX-Swift/Pods-V2EX-Swift-frameworks.sh\"\n";
			showEnvVarsInLog = 0;
		};
		0FF711ED3791C7019B49F2E7 /* [CP] Check Pods Manifest.lock */ = {
			isa = PBXShellScriptBuildPhase;
			buildActionMask = 2147483647;
			files = (
			);
			inputFileListPaths = (
			);
			inputPaths = (
				"${PODS_PODFILE_DIR_PATH}/Podfile.lock",
				"${PODS_ROOT}/Manifest.lock",
			);
			name = "[CP] Check Pods Manifest.lock";
			outputFileListPaths = (
			);
			outputPaths = (
				"$(DERIVED_FILE_DIR)/Pods-V2EX-Swift-checkManifestLockResult.txt",
			);
			runOnlyForDeploymentPostprocessing = 0;
			shellPath = /bin/sh;
			shellScript = "diff \"${PODS_PODFILE_DIR_PATH}/Podfile.lock\" \"${PODS_ROOT}/Manifest.lock\" > /dev/null\nif [ $? != 0 ] ; then\n    # print error to STDERR\n    echo \"error: The sandbox is not in sync with the Podfile.lock. Run 'pod install' or update your CocoaPods installation.\" >&2\n    exit 1\nfi\n# This output is used by Xcode 'outputs' to avoid re-running this script phase.\necho \"SUCCESS\" > \"${SCRIPT_OUTPUT_FILE_0}\"\n";
			showEnvVarsInLog = 0;
		};
/* End PBXShellScriptBuildPhase section */

/* Begin PBXSourcesBuildPhase section */
		B829710522C35DD800D8E756 /* Sources */ = {
			isa = PBXSourcesBuildPhase;
			buildActionMask = 2147483647;
			files = (
				B829710D22C35DD800D8E756 /* AppDelegate.swift in Sources */,
				B806022B22C4AC190076BC19 /* UserTableViewController.swift in Sources */,
				B8009E1D22C3C177001670B2 /* TopicListTableViewController.swift in Sources */,
				B8F2650D22C9F27D00ABC9D4 /* TopicList.swift in Sources */,
				B8F2650922C9D57200ABC9D4 /* V2exUrl.swift in Sources */,
				B829713322C3684B00D8E756 /* ThemesTableViewController.swift in Sources */,
				B8F2650B22C9D57F00ABC9D4 /* V2exApi.swift in Sources */,
				B8F2650722C9B64E00ABC9D4 /* User.swift in Sources */,
				B8009E1F22C3C38D001670B2 /* Themes.swift in Sources */,
				B806023022C4AFA70076BC19 /* TopicDetailTableViewController.swift in Sources */,
			);
			runOnlyForDeploymentPostprocessing = 0;
		};
/* End PBXSourcesBuildPhase section */

/* Begin PBXVariantGroup section */
		B829711022C35DD800D8E756 /* Main.storyboard */ = {
			isa = PBXVariantGroup;
			children = (
				B829711122C35DD800D8E756 /* Base */,
			);
			name = Main.storyboard;
			sourceTree = "<group>";
		};
		B829711522C35DDB00D8E756 /* LaunchScreen.storyboard */ = {
			isa = PBXVariantGroup;
			children = (
				B829711622C35DDB00D8E756 /* Base */,
				B8F264FF22C9A09E00ABC9D4 /* zh-Hans */,
			);
			name = LaunchScreen.storyboard;
			sourceTree = "<group>";
		};
		B8F2650422C9A11100ABC9D4 /* Localizable.strings */ = {
			isa = PBXVariantGroup;
			children = (
				B8F2650322C9A11100ABC9D4 /* zh-Hans */,
				B8F2650522C9A11D00ABC9D4 /* en */,
			);
			name = Localizable.strings;
			sourceTree = "<group>";
		};
/* End PBXVariantGroup section */

/* Begin XCBuildConfiguration section */
		B829711922C35DDB00D8E756 /* Debug */ = {
			isa = XCBuildConfiguration;
			buildSettings = {
				ALWAYS_SEARCH_USER_PATHS = NO;
				CLANG_ANALYZER_LOCALIZABILITY_NONLOCALIZED = YES;
				CLANG_ANALYZER_NONNULL = YES;
				CLANG_ANALYZER_NUMBER_OBJECT_CONVERSION = YES_AGGRESSIVE;
				CLANG_CXX_LANGUAGE_STANDARD = "gnu++14";
				CLANG_CXX_LIBRARY = "libc++";
				CLANG_ENABLE_MODULES = YES;
				CLANG_ENABLE_OBJC_ARC = YES;
				CLANG_ENABLE_OBJC_WEAK = YES;
				CLANG_WARN_BLOCK_CAPTURE_AUTORELEASING = YES;
				CLANG_WARN_BOOL_CONVERSION = YES;
				CLANG_WARN_COMMA = YES;
				CLANG_WARN_CONSTANT_CONVERSION = YES;
				CLANG_WARN_DEPRECATED_OBJC_IMPLEMENTATIONS = YES;
				CLANG_WARN_DIRECT_OBJC_ISA_USAGE = YES_ERROR;
				CLANG_WARN_DOCUMENTATION_COMMENTS = YES;
				CLANG_WARN_EMPTY_BODY = YES;
				CLANG_WARN_ENUM_CONVERSION = YES;
				CLANG_WARN_INFINITE_RECURSION = YES;
				CLANG_WARN_INT_CONVERSION = YES;
				CLANG_WARN_NON_LITERAL_NULL_CONVERSION = YES;
				CLANG_WARN_OBJC_IMPLICIT_RETAIN_SELF = YES;
				CLANG_WARN_OBJC_LITERAL_CONVERSION = YES;
				CLANG_WARN_OBJC_ROOT_CLASS = YES_ERROR;
				CLANG_WARN_RANGE_LOOP_ANALYSIS = YES;
				CLANG_WARN_STRICT_PROTOTYPES = YES;
				CLANG_WARN_SUSPICIOUS_MOVE = YES;
				CLANG_WARN_UNGUARDED_AVAILABILITY = YES_AGGRESSIVE;
				CLANG_WARN_UNREACHABLE_CODE = YES;
				CLANG_WARN__DUPLICATE_METHOD_MATCH = YES;
				CODE_SIGN_IDENTITY = "iPhone Developer";
				COPY_PHASE_STRIP = NO;
				DEBUG_INFORMATION_FORMAT = dwarf;
				ENABLE_STRICT_OBJC_MSGSEND = YES;
				ENABLE_TESTABILITY = YES;
				GCC_C_LANGUAGE_STANDARD = gnu11;
				GCC_DYNAMIC_NO_PIC = NO;
				GCC_NO_COMMON_BLOCKS = YES;
				GCC_OPTIMIZATION_LEVEL = 0;
				GCC_PREPROCESSOR_DEFINITIONS = (
					"DEBUG=1",
					"$(inherited)",
				);
				GCC_WARN_64_TO_32_BIT_CONVERSION = YES;
				GCC_WARN_ABOUT_RETURN_TYPE = YES_ERROR;
				GCC_WARN_UNDECLARED_SELECTOR = YES;
				GCC_WARN_UNINITIALIZED_AUTOS = YES_AGGRESSIVE;
				GCC_WARN_UNUSED_FUNCTION = YES;
				GCC_WARN_UNUSED_VARIABLE = YES;
				IPHONEOS_DEPLOYMENT_TARGET = 12.2;
				MTL_ENABLE_DEBUG_INFO = INCLUDE_SOURCE;
				MTL_FAST_MATH = YES;
				ONLY_ACTIVE_ARCH = YES;
				SDKROOT = iphoneos;
				SWIFT_ACTIVE_COMPILATION_CONDITIONS = DEBUG;
				SWIFT_OPTIMIZATION_LEVEL = "-Onone";
			};
			name = Debug;
		};
		B829711A22C35DDB00D8E756 /* Release */ = {
			isa = XCBuildConfiguration;
			buildSettings = {
				ALWAYS_SEARCH_USER_PATHS = NO;
				CLANG_ANALYZER_LOCALIZABILITY_NONLOCALIZED = YES;
				CLANG_ANALYZER_NONNULL = YES;
				CLANG_ANALYZER_NUMBER_OBJECT_CONVERSION = YES_AGGRESSIVE;
				CLANG_CXX_LANGUAGE_STANDARD = "gnu++14";
				CLANG_CXX_LIBRARY = "libc++";
				CLANG_ENABLE_MODULES = YES;
				CLANG_ENABLE_OBJC_ARC = YES;
				CLANG_ENABLE_OBJC_WEAK = YES;
				CLANG_WARN_BLOCK_CAPTURE_AUTORELEASING = YES;
				CLANG_WARN_BOOL_CONVERSION = YES;
				CLANG_WARN_COMMA = YES;
				CLANG_WARN_CONSTANT_CONVERSION = YES;
				CLANG_WARN_DEPRECATED_OBJC_IMPLEMENTATIONS = YES;
				CLANG_WARN_DIRECT_OBJC_ISA_USAGE = YES_ERROR;
				CLANG_WARN_DOCUMENTATION_COMMENTS = YES;
				CLANG_WARN_EMPTY_BODY = YES;
				CLANG_WARN_ENUM_CONVERSION = YES;
				CLANG_WARN_INFINITE_RECURSION = YES;
				CLANG_WARN_INT_CONVERSION = YES;
				CLANG_WARN_NON_LITERAL_NULL_CONVERSION = YES;
				CLANG_WARN_OBJC_IMPLICIT_RETAIN_SELF = YES;
				CLANG_WARN_OBJC_LITERAL_CONVERSION = YES;
				CLANG_WARN_OBJC_ROOT_CLASS = YES_ERROR;
				CLANG_WARN_RANGE_LOOP_ANALYSIS = YES;
				CLANG_WARN_STRICT_PROTOTYPES = YES;
				CLANG_WARN_SUSPICIOUS_MOVE = YES;
				CLANG_WARN_UNGUARDED_AVAILABILITY = YES_AGGRESSIVE;
				CLANG_WARN_UNREACHABLE_CODE = YES;
				CLANG_WARN__DUPLICATE_METHOD_MATCH = YES;
				CODE_SIGN_IDENTITY = "iPhone Developer";
				COPY_PHASE_STRIP = NO;
				DEBUG_INFORMATION_FORMAT = "dwarf-with-dsym";
				ENABLE_NS_ASSERTIONS = NO;
				ENABLE_STRICT_OBJC_MSGSEND = YES;
				GCC_C_LANGUAGE_STANDARD = gnu11;
				GCC_NO_COMMON_BLOCKS = YES;
				GCC_WARN_64_TO_32_BIT_CONVERSION = YES;
				GCC_WARN_ABOUT_RETURN_TYPE = YES_ERROR;
				GCC_WARN_UNDECLARED_SELECTOR = YES;
				GCC_WARN_UNINITIALIZED_AUTOS = YES_AGGRESSIVE;
				GCC_WARN_UNUSED_FUNCTION = YES;
				GCC_WARN_UNUSED_VARIABLE = YES;
				IPHONEOS_DEPLOYMENT_TARGET = 12.2;
				MTL_ENABLE_DEBUG_INFO = NO;
				MTL_FAST_MATH = YES;
				SDKROOT = iphoneos;
				SWIFT_COMPILATION_MODE = wholemodule;
				SWIFT_OPTIMIZATION_LEVEL = "-O";
				VALIDATE_PRODUCT = YES;
			};
			name = Release;
		};
		B829711C22C35DDB00D8E756 /* Debug */ = {
			isa = XCBuildConfiguration;
			baseConfigurationReference = D41C306E7E3A0F765CD31B57 /* Pods-V2EX-Swift.debug.xcconfig */;
			buildSettings = {
				ASSETCATALOG_COMPILER_APPICON_NAME = AppIcon;
				CODE_SIGN_STYLE = Automatic;
				DEVELOPMENT_TEAM = MUXR6G7733;
				INFOPLIST_FILE = "V2EX-Swift/Info.plist";
				IPHONEOS_DEPLOYMENT_TARGET = 10.0;
				LD_RUNPATH_SEARCH_PATHS = (
					"$(inherited)",
					"@executable_path/Frameworks",
				);
				PRODUCT_BUNDLE_IDENTIFIER = "com.skybrim.V2EX-Swift";
				PRODUCT_NAME = "$(TARGET_NAME)";
				SWIFT_VERSION = 5.0;
				TARGETED_DEVICE_FAMILY = "1,2";
			};
			name = Debug;
		};
		B829711D22C35DDB00D8E756 /* Release */ = {
			isa = XCBuildConfiguration;
			baseConfigurationReference = A9FC7B2F64482CF622AEBB6F /* Pods-V2EX-Swift.release.xcconfig */;
			buildSettings = {
				ASSETCATALOG_COMPILER_APPICON_NAME = AppIcon;
				CODE_SIGN_STYLE = Automatic;
				DEVELOPMENT_TEAM = MUXR6G7733;
				INFOPLIST_FILE = "V2EX-Swift/Info.plist";
				IPHONEOS_DEPLOYMENT_TARGET = 10.0;
				LD_RUNPATH_SEARCH_PATHS = (
					"$(inherited)",
					"@executable_path/Frameworks",
				);
				PRODUCT_BUNDLE_IDENTIFIER = "com.skybrim.V2EX-Swift";
				PRODUCT_NAME = "$(TARGET_NAME)";
				SWIFT_VERSION = 5.0;
				TARGETED_DEVICE_FAMILY = "1,2";
			};
			name = Release;
		};
/* End XCBuildConfiguration section */

/* Begin XCConfigurationList section */
		B829710422C35DD800D8E756 /* Build configuration list for PBXProject "V2EX-Swift" */ = {
			isa = XCConfigurationList;
			buildConfigurations = (
				B829711922C35DDB00D8E756 /* Debug */,
				B829711A22C35DDB00D8E756 /* Release */,
			);
			defaultConfigurationIsVisible = 0;
			defaultConfigurationName = Release;
		};
		B829711B22C35DDB00D8E756 /* Build configuration list for PBXNativeTarget "V2EX-Swift" */ = {
			isa = XCConfigurationList;
			buildConfigurations = (
				B829711C22C35DDB00D8E756 /* Debug */,
				B829711D22C35DDB00D8E756 /* Release */,
			);
			defaultConfigurationIsVisible = 0;
			defaultConfigurationName = Release;
		};
/* End XCConfigurationList section */
	};
	rootObject = B829710122C35DD800D8E756 /* Project object */;
}
